// !$*UTF8*$!
{
	archiveVersion = 1;
	classes = {
	};
	objectVersion = 46;
	objects = {

/* Begin PBXBuildFile section */
		08C81221B93B2F77F1F85649 /* Pods_SeafAction.framework in Frameworks */ = {isa = PBXBuildFile; fileRef = EDF111F289F29D4B6379A432 /* Pods_SeafAction.framework */; };
		3F68C713782789ACD2E59825 /* Pods_SeafProvider.framework in Frameworks */ = {isa = PBXBuildFile; fileRef = 7FC7D160B75CAC7F84D36617 /* Pods_SeafProvider.framework */; };
		5704C6D31753A1380028F4FE /* IntelligentSplitViewController.m in Sources */ = {isa = PBXBuildFile; fileRef = 5704C6D11753A1380028F4FE /* IntelligentSplitViewController.m */; settings = {COMPILER_FLAGS = "-fno-objc-arc"; }; };
		570DFAC716A15D0100ADD5F2 /* SeafAccountViewController.m in Sources */ = {isa = PBXBuildFile; fileRef = 570DFAC416A15D0100ADD5F2 /* SeafAccountViewController.m */; };
		57124BEB1B3EA6EA00075EAE /* LaunchScreen.png in Resources */ = {isa = PBXBuildFile; fileRef = 57124BEA1B3EA6EA00075EAE /* LaunchScreen.png */; };
		571D8CAB1677881400F1A22C /* main.m in Sources */ = {isa = PBXBuildFile; fileRef = 57DB827F15A833FA00097CEC /* main.m */; };
		571D8CAC1677881400F1A22C /* SeafAppDelegate.m in Sources */ = {isa = PBXBuildFile; fileRef = 57DB828315A833FA00097CEC /* SeafAppDelegate.m */; };
		571D8CBF1677881400F1A22C /* StartViewController.m in Sources */ = {isa = PBXBuildFile; fileRef = 572B0A7615D16C1C00798C6E /* StartViewController.m */; };
		571D8CD21677881400F1A22C /* SeafSettingsViewController.m in Sources */ = {isa = PBXBuildFile; fileRef = 5764C82A163BF91B006AD511 /* SeafSettingsViewController.m */; };
		571D8CDD1677881400F1A22C /* MessageUI.framework in Frameworks */ = {isa = PBXBuildFile; fileRef = 5765533D161D44A2005E5327 /* MessageUI.framework */; };
		571D8CDE1677881400F1A22C /* SystemConfiguration.framework in Frameworks */ = {isa = PBXBuildFile; fileRef = 57335CF8160DA00000018AE8 /* SystemConfiguration.framework */; };
		571D8CDF1677881400F1A22C /* QuickLook.framework in Frameworks */ = {isa = PBXBuildFile; fileRef = 576B9EC015DD394600802D07 /* QuickLook.framework */; };
		571D8CE01677881400F1A22C /* QuartzCore.framework in Frameworks */ = {isa = PBXBuildFile; fileRef = 57B66EAF15BA513E00C2B41B /* QuartzCore.framework */; };
		571D8CE11677881400F1A22C /* UIKit.framework in Frameworks */ = {isa = PBXBuildFile; fileRef = 57DB827115A833FA00097CEC /* UIKit.framework */; };
		571D8CE21677881400F1A22C /* Foundation.framework in Frameworks */ = {isa = PBXBuildFile; fileRef = 57DB827315A833FA00097CEC /* Foundation.framework */; };
		571D8CE31677881400F1A22C /* CoreGraphics.framework in Frameworks */ = {isa = PBXBuildFile; fileRef = 57DB827515A833FA00097CEC /* CoreGraphics.framework */; };
		571D8CE41677881400F1A22C /* CoreData.framework in Frameworks */ = {isa = PBXBuildFile; fileRef = 57DB827715A833FA00097CEC /* CoreData.framework */; };
		571F5148168C80380055D69B /* MobileCoreServices.framework in Frameworks */ = {isa = PBXBuildFile; fileRef = 571F5147168C80380055D69B /* MobileCoreServices.framework */; };
		5725186217AE7D010078CD12 /* Security.framework in Frameworks */ = {isa = PBXBuildFile; fileRef = 5725186117AE7D000078CD12 /* Security.framework */; };
		573C3C651A15104B009675F9 /* seafile.entitlements in Resources */ = {isa = PBXBuildFile; fileRef = 573C3C641A15104B009675F9 /* seafile.entitlements */; };
		574D3D8E1DFA6EF90093C18C /* Images.xcassets in Resources */ = {isa = PBXBuildFile; fileRef = 57D189CE182E0A380029A797 /* Images.xcassets */; };
		574D3DC81DFA88CF0093C18C /* SeafActionDirViewController.m in Sources */ = {isa = PBXBuildFile; fileRef = 574D3DC71DFA88CF0093C18C /* SeafActionDirViewController.m */; };
		574D3DCA1DFD1E010093C18C /* Localizable.strings in Resources */ = {isa = PBXBuildFile; fileRef = 57532C161868AA48003D564B /* Localizable.strings */; };
		57532C1A1868AA48003D564B /* Localizable.strings in Resources */ = {isa = PBXBuildFile; fileRef = 57532C161868AA48003D564B /* Localizable.strings */; };
		5757DCCD1AEBCF1600BC0426 /* SeafShibbolethViewController.m in Sources */ = {isa = PBXBuildFile; fileRef = 5757DCCB1AEBCF1600BC0426 /* SeafShibbolethViewController.m */; };
		5775EA1217476FAD000A1765 /* SeafActivityViewController.m in Sources */ = {isa = PBXBuildFile; fileRef = 5775EA0F17476FAD000A1765 /* SeafActivityViewController.m */; };
		577C6F381AB07B910043A833 /* Settings.bundle in Resources */ = {isa = PBXBuildFile; fileRef = 577C6F371AB07B910043A833 /* Settings.bundle */; };
		577C6F391AB07B910043A833 /* Settings.bundle in Resources */ = {isa = PBXBuildFile; fileRef = 577C6F371AB07B910043A833 /* Settings.bundle */; };
		577C6F3A1AB07B910043A833 /* Settings.bundle in Resources */ = {isa = PBXBuildFile; fileRef = 577C6F371AB07B910043A833 /* Settings.bundle */; };
		57814AF81AA8B55000D1D5D8 /* Photos.framework in Frameworks */ = {isa = PBXBuildFile; fileRef = 57814AF71AA8B55000D1D5D8 /* Photos.framework */; };
		57A029771A16F8AD009C9D7B /* SeafProviderFileProvider.appex in Embed App Extensions */ = {isa = PBXBuildFile; fileRef = 57A0296D1A16F8AD009C9D7B /* SeafProviderFileProvider.appex */; settings = {ATTRIBUTES = (RemoveHeadersOnCopy, ); }; };
		57A0297A1A16F8AD009C9D7B /* SeafProvider.appex in Embed App Extensions */ = {isa = PBXBuildFile; fileRef = 57A0295F1A16F8AC009C9D7B /* SeafProvider.appex */; settings = {ATTRIBUTES = (RemoveHeadersOnCopy, ); }; };
		57A029861A16F91F009C9D7B /* DocumentPickerViewController.m in Sources */ = {isa = PBXBuildFile; fileRef = 57A029821A16F91F009C9D7B /* DocumentPickerViewController.m */; };
		57A0298E1A16F935009C9D7B /* FileProvider.m in Sources */ = {isa = PBXBuildFile; fileRef = 57A0298B1A16F935009C9D7B /* FileProvider.m */; };
		57A0299B1A16F95D009C9D7B /* MainInterface.storyboard in Resources */ = {isa = PBXBuildFile; fileRef = 57A029981A16F95D009C9D7B /* MainInterface.storyboard */; };
		57A0299C1A16F95D009C9D7B /* SeafProvider.entitlements in Resources */ = {isa = PBXBuildFile; fileRef = 57A029991A16F95D009C9D7B /* SeafProvider.entitlements */; };
		57A029A01A16F965009C9D7B /* SeafProviderFileProvider.entitlements in Resources */ = {isa = PBXBuildFile; fileRef = 57A0299E1A16F965009C9D7B /* SeafProviderFileProvider.entitlements */; };
		57A029A41A170147009C9D7B /* SeafProviderFileViewController.m in Sources */ = {isa = PBXBuildFile; fileRef = 57A029A21A170147009C9D7B /* SeafProviderFileViewController.m */; };
		57A029A51A170147009C9D7B /* SeafProviderFileViewController.storyboard in Resources */ = {isa = PBXBuildFile; fileRef = 57A029A31A170147009C9D7B /* SeafProviderFileViewController.storyboard */; };
		57ABE5FB187925B300145FE3 /* CoreText.framework in Frameworks */ = {isa = PBXBuildFile; fileRef = 576B9918186142EC00A16ED6 /* CoreText.framework */; };
		57B14B6E1DF5325B0045112E /* ActionViewController.m in Sources */ = {isa = PBXBuildFile; fileRef = 57B14B6D1DF5325B0045112E /* ActionViewController.m */; };
		57B14B711DF5325B0045112E /* MainInterface.storyboard in Resources */ = {isa = PBXBuildFile; fileRef = 57B14B6F1DF5325B0045112E /* MainInterface.storyboard */; };
		57B14B751DF5325B0045112E /* SeafAction.appex in Embed App Extensions */ = {isa = PBXBuildFile; fileRef = 57B14B6A1DF5325A0045112E /* SeafAction.appex */; settings = {ATTRIBUTES = (RemoveHeadersOnCopy, ); }; };
		57D189D0182E0A380029A797 /* Images.xcassets in Resources */ = {isa = PBXBuildFile; fileRef = 57D189CE182E0A380029A797 /* Images.xcassets */; };
		57E228B71A0E403A00C92330 /* QBImagePickerController.bundle in Resources */ = {isa = PBXBuildFile; fileRef = 57E228B61A0E403A00C92330 /* QBImagePickerController.bundle */; };
		57E22B411A126EBE00C92330 /* SeafStart.storyboard in Resources */ = {isa = PBXBuildFile; fileRef = 57E22B031A12625B00C92330 /* SeafStart.storyboard */; };
		57F0AAFE16D8935800364D18 /* AssetsLibrary.framework in Frameworks */ = {isa = PBXBuildFile; fileRef = 57F0AAFC16D8913600364D18 /* AssetsLibrary.framework */; };
		57F143931B886B96009C1BC8 /* CoreLocation.framework in Frameworks */ = {isa = PBXBuildFile; fileRef = 57F143921B886B96009C1BC8 /* CoreLocation.framework */; };
		583F23C21E3E6EAC00F9FE07 /* Contacts.framework in Frameworks */ = {isa = PBXBuildFile; fileRef = 583F23C11E3E6EAC00F9FE07 /* Contacts.framework */; };
		96B5BCEAE026D3180E30E9D5 /* Pods_seafile_appstore.framework in Frameworks */ = {isa = PBXBuildFile; fileRef = 96AA918F0DB37BEFBB94059D /* Pods_seafile_appstore.framework */; };
		D4BE633C902E318907D8AF69 /* Pods_SeafProviderFileProvider.framework in Frameworks */ = {isa = PBXBuildFile; fileRef = F0B9C062F8425D95D2154FBB /* Pods_SeafProviderFileProvider.framework */; };
		F536DA1A1F30DB6F00F2EF3F /* SeafSyncInfoCell.xib in Resources */ = {isa = PBXBuildFile; fileRef = F536DA181F30DB6F00F2EF3F /* SeafSyncInfoCell.xib */; };
/* End PBXBuildFile section */

/* Begin PBXBuildRule section */
		57E22B341A126D6A00C92330 /* PBXBuildRule */ = {
			isa = PBXBuildRule;
			compilerSpec = com.apple.compilers.proxy.script;
			fileType = wrapper.nib;
			isEditable = 1;
			outputFiles = (
			);
			script = "# ibtool\n";
		};
/* End PBXBuildRule section */

/* Begin PBXContainerItemProxy section */
		57A029751A16F8AD009C9D7B /* PBXContainerItemProxy */ = {
			isa = PBXContainerItemProxy;
			containerPortal = 57DB826415A833F900097CEC /* Project object */;
			proxyType = 1;
			remoteGlobalIDString = 57A0296C1A16F8AD009C9D7B;
			remoteInfo = SeafProviderFileProvider;
		};
		57A029781A16F8AD009C9D7B /* PBXContainerItemProxy */ = {
			isa = PBXContainerItemProxy;
			containerPortal = 57DB826415A833F900097CEC /* Project object */;
			proxyType = 1;
			remoteGlobalIDString = 57A0295E1A16F8AC009C9D7B;
			remoteInfo = SeafProvider;
		};
		57B14B731DF5325B0045112E /* PBXContainerItemProxy */ = {
			isa = PBXContainerItemProxy;
			containerPortal = 57DB826415A833F900097CEC /* Project object */;
			proxyType = 1;
			remoteGlobalIDString = 57B14B691DF5325A0045112E;
			remoteInfo = SeafAction;
		};
/* End PBXContainerItemProxy section */

/* Begin PBXCopyFilesBuildPhase section */
		57E228E51A0F4EE700C92330 /* Embed App Extensions */ = {
			isa = PBXCopyFilesBuildPhase;
			buildActionMask = 2147483647;
			dstPath = "";
			dstSubfolderSpec = 13;
			files = (
				57A0297A1A16F8AD009C9D7B /* SeafProvider.appex in Embed App Extensions */,
				57A029771A16F8AD009C9D7B /* SeafProviderFileProvider.appex in Embed App Extensions */,
				57B14B751DF5325B0045112E /* SeafAction.appex in Embed App Extensions */,
			);
			name = "Embed App Extensions";
			runOnlyForDeploymentPostprocessing = 0;
		};
/* End PBXCopyFilesBuildPhase section */

/* Begin PBXFileReference section */
		0AC7D46EF997A8FF83A3AD84 /* Pods-SeafProvider.release.xcconfig */ = {isa = PBXFileReference; includeInIndex = 1; lastKnownFileType = text.xcconfig; name = "Pods-SeafProvider.release.xcconfig"; path = "Pods/Target Support Files/Pods-SeafProvider/Pods-SeafProvider.release.xcconfig"; sourceTree = "<group>"; };
		14F713F28AC94AB8901C31BF /* Pods-seafile-appstore.release.xcconfig */ = {isa = PBXFileReference; includeInIndex = 1; lastKnownFileType = text.xcconfig; name = "Pods-seafile-appstore.release.xcconfig"; path = "Pods/Target Support Files/Pods-seafile-appstore/Pods-seafile-appstore.release.xcconfig"; sourceTree = "<group>"; };
		2979DE872836DD67FEA29262 /* Pods-SeafProviderFileProvider.debug.xcconfig */ = {isa = PBXFileReference; includeInIndex = 1; lastKnownFileType = text.xcconfig; name = "Pods-SeafProviderFileProvider.debug.xcconfig"; path = "Pods/Target Support Files/Pods-SeafProviderFileProvider/Pods-SeafProviderFileProvider.debug.xcconfig"; sourceTree = "<group>"; };
		5704C6D01753A1380028F4FE /* IntelligentSplitViewController.h */ = {isa = PBXFileReference; fileEncoding = 4; lastKnownFileType = sourcecode.c.h; path = IntelligentSplitViewController.h; sourceTree = "<group>"; };
		5704C6D11753A1380028F4FE /* IntelligentSplitViewController.m */ = {isa = PBXFileReference; fileEncoding = 4; lastKnownFileType = sourcecode.c.objc; path = IntelligentSplitViewController.m; sourceTree = "<group>"; };
		570DFAC316A15D0100ADD5F2 /* SeafAccountViewController.h */ = {isa = PBXFileReference; fileEncoding = 4; lastKnownFileType = sourcecode.c.h; path = SeafAccountViewController.h; sourceTree = "<group>"; };
		570DFAC416A15D0100ADD5F2 /* SeafAccountViewController.m */ = {isa = PBXFileReference; fileEncoding = 4; lastKnownFileType = sourcecode.c.objc; lineEnding = 0; path = SeafAccountViewController.m; sourceTree = "<group>"; };
		57124BEA1B3EA6EA00075EAE /* LaunchScreen.png */ = {isa = PBXFileReference; lastKnownFileType = image.png; path = LaunchScreen.png; sourceTree = SOURCE_ROOT; };
		571B845A1A5AF0F500E92BF7 /* pl */ = {isa = PBXFileReference; lastKnownFileType = text.plist.strings; name = pl; path = pl.lproj/Localizable.strings; sourceTree = "<group>"; };
		571B845B1A5AF10C00E92BF7 /* tr */ = {isa = PBXFileReference; lastKnownFileType = text.plist.strings; name = tr; path = tr.lproj/Localizable.strings; sourceTree = "<group>"; };
		571B845C1A5AF14200E92BF7 /* is */ = {isa = PBXFileReference; lastKnownFileType = text.plist.strings; name = is; path = is.lproj/Localizable.strings; sourceTree = "<group>"; };
		571D8DBA1677881400F1A22C /* SeafilePro.app */ = {isa = PBXFileReference; explicitFileType = wrapper.application; includeInIndex = 0; path = SeafilePro.app; sourceTree = BUILT_PRODUCTS_DIR; };
		571F5147168C80380055D69B /* MobileCoreServices.framework */ = {isa = PBXFileReference; lastKnownFileType = wrapper.framework; name = MobileCoreServices.framework; path = System/Library/Frameworks/MobileCoreServices.framework; sourceTree = SDKROOT; };
		5725186117AE7D000078CD12 /* Security.framework */ = {isa = PBXFileReference; lastKnownFileType = wrapper.framework; name = Security.framework; path = System/Library/Frameworks/Security.framework; sourceTree = SDKROOT; };
		5729697318B76D6F00363B2E /* Base */ = {isa = PBXFileReference; lastKnownFileType = text.plist.strings; name = Base; path = Base.lproj/InfoPlist.strings; sourceTree = "<group>"; };
		5729697418B76F0F00363B2E /* fr */ = {isa = PBXFileReference; lastKnownFileType = text.plist.strings; name = fr; path = fr.lproj/Localizable.strings; sourceTree = "<group>"; };
		5729697518B76F3600363B2E /* ru */ = {isa = PBXFileReference; lastKnownFileType = text.plist.strings; name = ru; path = ru.lproj/Localizable.strings; sourceTree = "<group>"; };
		572B0A7515D16C1C00798C6E /* StartViewController.h */ = {isa = PBXFileReference; fileEncoding = 4; lastKnownFileType = sourcecode.c.h; path = StartViewController.h; sourceTree = "<group>"; };
		572B0A7615D16C1C00798C6E /* StartViewController.m */ = {isa = PBXFileReference; fileEncoding = 4; lastKnownFileType = sourcecode.c.objc; path = StartViewController.m; sourceTree = "<group>"; };
		57335CF8160DA00000018AE8 /* SystemConfiguration.framework */ = {isa = PBXFileReference; lastKnownFileType = wrapper.framework; name = SystemConfiguration.framework; path = System/Library/Frameworks/SystemConfiguration.framework; sourceTree = SDKROOT; };
		573C3C641A15104B009675F9 /* seafile.entitlements */ = {isa = PBXFileReference; fileEncoding = 4; lastKnownFileType = text.xml; path = seafile.entitlements; sourceTree = "<group>"; };
		574456821774922B00EA46A6 /* SeafAppDelegate.h */ = {isa = PBXFileReference; fileEncoding = 4; lastKnownFileType = sourcecode.c.h; path = SeafAppDelegate.h; sourceTree = "<group>"; };
		574D3DC61DFA88CF0093C18C /* SeafActionDirViewController.h */ = {isa = PBXFileReference; fileEncoding = 4; lastKnownFileType = sourcecode.c.h; path = SeafActionDirViewController.h; sourceTree = "<group>"; };
		574D3DC71DFA88CF0093C18C /* SeafActionDirViewController.m */ = {isa = PBXFileReference; fileEncoding = 4; lastKnownFileType = sourcecode.c.objc; path = SeafActionDirViewController.m; sourceTree = "<group>"; };
		5752494D18C6EA7700352647 /* hu */ = {isa = PBXFileReference; lastKnownFileType = text.plist.strings; name = hu; path = hu.lproj/Localizable.strings; sourceTree = "<group>"; };
		57532C171868AA48003D564B /* en */ = {isa = PBXFileReference; lastKnownFileType = text.plist.strings; name = en; path = en.lproj/Localizable.strings; sourceTree = "<group>"; };
		57532C181868AA48003D564B /* zh-Hans */ = {isa = PBXFileReference; lastKnownFileType = text.plist.strings; name = "zh-Hans"; path = "zh-Hans.lproj/Localizable.strings"; sourceTree = "<group>"; };
		5757DCCA1AEBCF1600BC0426 /* SeafShibbolethViewController.h */ = {isa = PBXFileReference; fileEncoding = 4; lastKnownFileType = sourcecode.c.h; path = SeafShibbolethViewController.h; sourceTree = "<group>"; };
		5757DCCB1AEBCF1600BC0426 /* SeafShibbolethViewController.m */ = {isa = PBXFileReference; fileEncoding = 4; lastKnownFileType = sourcecode.c.objc; path = SeafShibbolethViewController.m; sourceTree = "<group>"; };
		57642A361B8E057000C32B92 /* es */ = {isa = PBXFileReference; lastKnownFileType = text.plist.strings; name = es; path = es.lproj/Localizable.strings; sourceTree = "<group>"; };
		57642A371B8E062800C32B92 /* pt-BR */ = {isa = PBXFileReference; lastKnownFileType = text.plist.strings; name = "pt-BR"; path = "pt-BR.lproj/Localizable.strings"; sourceTree = "<group>"; };
		5764C829163BF91B006AD511 /* SeafSettingsViewController.h */ = {isa = PBXFileReference; fileEncoding = 4; lastKnownFileType = sourcecode.c.h; path = SeafSettingsViewController.h; sourceTree = "<group>"; };
		5764C82A163BF91B006AD511 /* SeafSettingsViewController.m */ = {isa = PBXFileReference; fileEncoding = 4; lastKnownFileType = sourcecode.c.objc; path = SeafSettingsViewController.m; sourceTree = "<group>"; };
		5765533D161D44A2005E5327 /* MessageUI.framework */ = {isa = PBXFileReference; lastKnownFileType = wrapper.framework; name = MessageUI.framework; path = System/Library/Frameworks/MessageUI.framework; sourceTree = SDKROOT; };
		576B9918186142EC00A16ED6 /* CoreText.framework */ = {isa = PBXFileReference; lastKnownFileType = wrapper.framework; name = CoreText.framework; path = System/Library/Frameworks/CoreText.framework; sourceTree = SDKROOT; };
		576B9EC015DD394600802D07 /* QuickLook.framework */ = {isa = PBXFileReference; lastKnownFileType = wrapper.framework; name = QuickLook.framework; path = System/Library/Frameworks/QuickLook.framework; sourceTree = SDKROOT; };
		5775EA0E17476FAD000A1765 /* SeafActivityViewController.h */ = {isa = PBXFileReference; fileEncoding = 4; lastKnownFileType = sourcecode.c.h; path = SeafActivityViewController.h; sourceTree = "<group>"; };
		5775EA0F17476FAD000A1765 /* SeafActivityViewController.m */ = {isa = PBXFileReference; fileEncoding = 4; lastKnownFileType = sourcecode.c.objc; lineEnding = 0; path = SeafActivityViewController.m; sourceTree = "<group>"; };
		577C6F371AB07B910043A833 /* Settings.bundle */ = {isa = PBXFileReference; lastKnownFileType = "wrapper.plug-in"; path = Settings.bundle; sourceTree = "<group>"; };
		57814AF71AA8B55000D1D5D8 /* Photos.framework */ = {isa = PBXFileReference; lastKnownFileType = wrapper.framework; name = Photos.framework; path = System/Library/Frameworks/Photos.framework; sourceTree = SDKROOT; };
		579E612219C1FBEA008EA307 /* ja */ = {isa = PBXFileReference; lastKnownFileType = text.plist.strings; name = ja; path = ja.lproj/Localizable.strings; sourceTree = "<group>"; };
		57A0295F1A16F8AC009C9D7B /* SeafProvider.appex */ = {isa = PBXFileReference; explicitFileType = "wrapper.app-extension"; includeInIndex = 0; path = SeafProvider.appex; sourceTree = BUILT_PRODUCTS_DIR; };
		57A0296D1A16F8AD009C9D7B /* SeafProviderFileProvider.appex */ = {isa = PBXFileReference; explicitFileType = "wrapper.app-extension"; includeInIndex = 0; path = SeafProviderFileProvider.appex; sourceTree = BUILT_PRODUCTS_DIR; };
		57A029811A16F91F009C9D7B /* DocumentPickerViewController.h */ = {isa = PBXFileReference; fileEncoding = 4; lastKnownFileType = sourcecode.c.h; path = DocumentPickerViewController.h; sourceTree = "<group>"; };
		57A029821A16F91F009C9D7B /* DocumentPickerViewController.m */ = {isa = PBXFileReference; fileEncoding = 4; lastKnownFileType = sourcecode.c.objc; path = DocumentPickerViewController.m; sourceTree = "<group>"; };
		57A0298A1A16F935009C9D7B /* FileProvider.h */ = {isa = PBXFileReference; fileEncoding = 4; lastKnownFileType = sourcecode.c.h; path = FileProvider.h; sourceTree = "<group>"; };
		57A0298B1A16F935009C9D7B /* FileProvider.m */ = {isa = PBXFileReference; fileEncoding = 4; lastKnownFileType = sourcecode.c.objc; path = FileProvider.m; sourceTree = "<group>"; };
		57A029971A16F95D009C9D7B /* Info.plist */ = {isa = PBXFileReference; fileEncoding = 4; lastKnownFileType = text.plist.xml; path = Info.plist; sourceTree = "<group>"; };
		57A029981A16F95D009C9D7B /* MainInterface.storyboard */ = {isa = PBXFileReference; fileEncoding = 4; lastKnownFileType = file.storyboard; path = MainInterface.storyboard; sourceTree = "<group>"; };
		57A029991A16F95D009C9D7B /* SeafProvider.entitlements */ = {isa = PBXFileReference; fileEncoding = 4; lastKnownFileType = text.xml; path = SeafProvider.entitlements; sourceTree = "<group>"; };
		57A0299D1A16F965009C9D7B /* Info.plist */ = {isa = PBXFileReference; fileEncoding = 4; lastKnownFileType = text.plist.xml; path = Info.plist; sourceTree = "<group>"; };
		57A0299E1A16F965009C9D7B /* SeafProviderFileProvider.entitlements */ = {isa = PBXFileReference; fileEncoding = 4; lastKnownFileType = text.xml; path = SeafProviderFileProvider.entitlements; sourceTree = "<group>"; };
		57A029A11A170147009C9D7B /* SeafProviderFileViewController.h */ = {isa = PBXFileReference; fileEncoding = 4; lastKnownFileType = sourcecode.c.h; path = SeafProviderFileViewController.h; sourceTree = "<group>"; };
		57A029A21A170147009C9D7B /* SeafProviderFileViewController.m */ = {isa = PBXFileReference; fileEncoding = 4; lastKnownFileType = sourcecode.c.objc; path = SeafProviderFileViewController.m; sourceTree = "<group>"; };
		57A029A31A170147009C9D7B /* SeafProviderFileViewController.storyboard */ = {isa = PBXFileReference; fileEncoding = 4; lastKnownFileType = file.storyboard; path = SeafProviderFileViewController.storyboard; sourceTree = "<group>"; };
		57AE2ECD1B45663E003F1672 /* nb */ = {isa = PBXFileReference; lastKnownFileType = text.plist.strings; name = nb; path = nb.lproj/Localizable.strings; sourceTree = "<group>"; };
		57AE699418C1C0A200AEBF8B /* ca */ = {isa = PBXFileReference; lastKnownFileType = text.plist.strings; name = ca; path = ca.lproj/Localizable.strings; sourceTree = "<group>"; };
		57B14B6A1DF5325A0045112E /* SeafAction.appex */ = {isa = PBXFileReference; explicitFileType = "wrapper.app-extension"; includeInIndex = 0; path = SeafAction.appex; sourceTree = BUILT_PRODUCTS_DIR; };
		57B14B6C1DF5325B0045112E /* ActionViewController.h */ = {isa = PBXFileReference; lastKnownFileType = sourcecode.c.h; path = ActionViewController.h; sourceTree = "<group>"; };
		57B14B6D1DF5325B0045112E /* ActionViewController.m */ = {isa = PBXFileReference; lastKnownFileType = sourcecode.c.objc; path = ActionViewController.m; sourceTree = "<group>"; };
		57B14B701DF5325B0045112E /* Base */ = {isa = PBXFileReference; lastKnownFileType = file.storyboard; name = Base; path = Base.lproj/MainInterface.storyboard; sourceTree = "<group>"; };
		57B14B721DF5325B0045112E /* Info.plist */ = {isa = PBXFileReference; lastKnownFileType = text.plist.xml; path = Info.plist; sourceTree = "<group>"; };
		57B14B791DF7EA300045112E /* SeafAction.entitlements */ = {isa = PBXFileReference; lastKnownFileType = text.plist.entitlements; path = SeafAction.entitlements; sourceTree = "<group>"; };
		57B66EAF15BA513E00C2B41B /* QuartzCore.framework */ = {isa = PBXFileReference; lastKnownFileType = wrapper.framework; name = QuartzCore.framework; path = System/Library/Frameworks/QuartzCore.framework; sourceTree = SDKROOT; };
		57D189CE182E0A380029A797 /* Images.xcassets */ = {isa = PBXFileReference; lastKnownFileType = folder.assetcatalog; name = Images.xcassets; path = Pod/Resources/Images.xcassets; sourceTree = "<group>"; };
		57D822F51C12B80A008947FC /* seafile-appstore-Info.plist */ = {isa = PBXFileReference; fileEncoding = 4; lastKnownFileType = text.plist.xml; path = "seafile-appstore-Info.plist"; sourceTree = "<group>"; };
		57DB827115A833FA00097CEC /* UIKit.framework */ = {isa = PBXFileReference; lastKnownFileType = wrapper.framework; name = UIKit.framework; path = System/Library/Frameworks/UIKit.framework; sourceTree = SDKROOT; };
		57DB827315A833FA00097CEC /* Foundation.framework */ = {isa = PBXFileReference; lastKnownFileType = wrapper.framework; name = Foundation.framework; path = System/Library/Frameworks/Foundation.framework; sourceTree = SDKROOT; };
		57DB827515A833FA00097CEC /* CoreGraphics.framework */ = {isa = PBXFileReference; lastKnownFileType = wrapper.framework; name = CoreGraphics.framework; path = System/Library/Frameworks/CoreGraphics.framework; sourceTree = SDKROOT; };
		57DB827715A833FA00097CEC /* CoreData.framework */ = {isa = PBXFileReference; lastKnownFileType = wrapper.framework; name = CoreData.framework; path = System/Library/Frameworks/CoreData.framework; sourceTree = SDKROOT; };
		57DB827F15A833FA00097CEC /* main.m */ = {isa = PBXFileReference; lastKnownFileType = sourcecode.c.objc; path = main.m; sourceTree = "<group>"; };
		57DB828315A833FA00097CEC /* SeafAppDelegate.m */ = {isa = PBXFileReference; fileEncoding = 4; lastKnownFileType = sourcecode.c.objc; lineEnding = 0; path = SeafAppDelegate.m; sourceTree = "<group>"; };
		57E228B61A0E403A00C92330 /* QBImagePickerController.bundle */ = {isa = PBXFileReference; lastKnownFileType = "wrapper.plug-in"; path = QBImagePickerController.bundle; sourceTree = "<group>"; };
		57E228BC1A0E4FC400C92330 /* seafile-Prefix.pch */ = {isa = PBXFileReference; fileEncoding = 4; lastKnownFileType = sourcecode.c.h; path = "seafile-Prefix.pch"; sourceTree = "<group>"; };
		57E2FEA21ABD544900BCD7F5 /* cs */ = {isa = PBXFileReference; lastKnownFileType = text.plist.strings; name = cs; path = cs.lproj/Localizable.strings; sourceTree = "<group>"; };
		57E51BC619A0F355002B50C6 /* ko */ = {isa = PBXFileReference; lastKnownFileType = text.plist.strings; name = ko; path = ko.lproj/Localizable.strings; sourceTree = "<group>"; };
		57E51BC719A0F3D5002B50C6 /* it */ = {isa = PBXFileReference; lastKnownFileType = text.plist.strings; name = it; path = it.lproj/Localizable.strings; sourceTree = "<group>"; };
		57E51BC819A0F46E002B50C6 /* pt-PT */ = {isa = PBXFileReference; lastKnownFileType = text.plist.strings; name = "pt-PT"; path = "pt-PT.lproj/Localizable.strings"; sourceTree = "<group>"; };
		57F0AAFC16D8913600364D18 /* AssetsLibrary.framework */ = {isa = PBXFileReference; lastKnownFileType = wrapper.framework; name = AssetsLibrary.framework; path = System/Library/Frameworks/AssetsLibrary.framework; sourceTree = SDKROOT; };
		57F143921B886B96009C1BC8 /* CoreLocation.framework */ = {isa = PBXFileReference; lastKnownFileType = wrapper.framework; name = CoreLocation.framework; path = System/Library/Frameworks/CoreLocation.framework; sourceTree = SDKROOT; };
		57F8CD1A1A127531000F6CDC /* en */ = {isa = PBXFileReference; lastKnownFileType = file.storyboard; name = en; path = en.lproj/SeafStart.storyboard; sourceTree = "<group>"; };
		583F23C11E3E6EAC00F9FE07 /* Contacts.framework */ = {isa = PBXFileReference; lastKnownFileType = wrapper.framework; name = Contacts.framework; path = System/Library/Frameworks/Contacts.framework; sourceTree = SDKROOT; };
		67C8B56C448237DC7BB99D18 /* Pods-SeafProvider.debug.xcconfig */ = {isa = PBXFileReference; includeInIndex = 1; lastKnownFileType = text.xcconfig; name = "Pods-SeafProvider.debug.xcconfig"; path = "Pods/Target Support Files/Pods-SeafProvider/Pods-SeafProvider.debug.xcconfig"; sourceTree = "<group>"; };
		7FC7D160B75CAC7F84D36617 /* Pods_SeafProvider.framework */ = {isa = PBXFileReference; explicitFileType = wrapper.framework; includeInIndex = 0; path = Pods_SeafProvider.framework; sourceTree = BUILT_PRODUCTS_DIR; };
		96AA918F0DB37BEFBB94059D /* Pods_seafile_appstore.framework */ = {isa = PBXFileReference; explicitFileType = wrapper.framework; includeInIndex = 0; path = Pods_seafile_appstore.framework; sourceTree = BUILT_PRODUCTS_DIR; };
		9AF30EE6039454E8B0967C09 /* Pods-SeafAction.release.xcconfig */ = {isa = PBXFileReference; includeInIndex = 1; lastKnownFileType = text.xcconfig; name = "Pods-SeafAction.release.xcconfig"; path = "Pods/Target Support Files/Pods-SeafAction/Pods-SeafAction.release.xcconfig"; sourceTree = "<group>"; };
		AB170391198116EFF77DDDA5 /* Pods-seafile-appstore.debug.xcconfig */ = {isa = PBXFileReference; includeInIndex = 1; lastKnownFileType = text.xcconfig; name = "Pods-seafile-appstore.debug.xcconfig"; path = "Pods/Target Support Files/Pods-seafile-appstore/Pods-seafile-appstore.debug.xcconfig"; sourceTree = "<group>"; };
		DE6E97E6F025F693FDC9CCB1 /* Pods-SeafProviderFileProvider.release.xcconfig */ = {isa = PBXFileReference; includeInIndex = 1; lastKnownFileType = text.xcconfig; name = "Pods-SeafProviderFileProvider.release.xcconfig"; path = "Pods/Target Support Files/Pods-SeafProviderFileProvider/Pods-SeafProviderFileProvider.release.xcconfig"; sourceTree = "<group>"; };
		E4F46F57187B44B200B80C36 /* de */ = {isa = PBXFileReference; lastKnownFileType = text.plist.strings; name = de; path = de.lproj/Localizable.strings; sourceTree = "<group>"; };
		EDF111F289F29D4B6379A432 /* Pods_SeafAction.framework */ = {isa = PBXFileReference; explicitFileType = wrapper.framework; includeInIndex = 0; path = Pods_SeafAction.framework; sourceTree = BUILT_PRODUCTS_DIR; };
		EE1E1FA7502D3F04292B11CB /* Pods-SeafAction.debug.xcconfig */ = {isa = PBXFileReference; includeInIndex = 1; lastKnownFileType = text.xcconfig; name = "Pods-SeafAction.debug.xcconfig"; path = "Pods/Target Support Files/Pods-SeafAction/Pods-SeafAction.debug.xcconfig"; sourceTree = "<group>"; };
		F0B9C062F8425D95D2154FBB /* Pods_SeafProviderFileProvider.framework */ = {isa = PBXFileReference; explicitFileType = wrapper.framework; includeInIndex = 0; path = Pods_SeafProviderFileProvider.framework; sourceTree = BUILT_PRODUCTS_DIR; };
		F536DA181F30DB6F00F2EF3F /* SeafSyncInfoCell.xib */ = {isa = PBXFileReference; fileEncoding = 4; lastKnownFileType = file.xib; path = SeafSyncInfoCell.xib; sourceTree = "<group>"; };
/* End PBXFileReference section */

/* Begin PBXFrameworksBuildPhase section */
		571D8CDC1677881400F1A22C /* Frameworks */ = {
			isa = PBXFrameworksBuildPhase;
			buildActionMask = 2147483647;
			files = (
				583F23C21E3E6EAC00F9FE07 /* Contacts.framework in Frameworks */,
				57F143931B886B96009C1BC8 /* CoreLocation.framework in Frameworks */,
				57814AF81AA8B55000D1D5D8 /* Photos.framework in Frameworks */,
				57ABE5FB187925B300145FE3 /* CoreText.framework in Frameworks */,
				5725186217AE7D010078CD12 /* Security.framework in Frameworks */,
				57F0AAFE16D8935800364D18 /* AssetsLibrary.framework in Frameworks */,
				571F5148168C80380055D69B /* MobileCoreServices.framework in Frameworks */,
				571D8CDD1677881400F1A22C /* MessageUI.framework in Frameworks */,
				571D8CDE1677881400F1A22C /* SystemConfiguration.framework in Frameworks */,
				571D8CDF1677881400F1A22C /* QuickLook.framework in Frameworks */,
				571D8CE01677881400F1A22C /* QuartzCore.framework in Frameworks */,
				571D8CE11677881400F1A22C /* UIKit.framework in Frameworks */,
				571D8CE21677881400F1A22C /* Foundation.framework in Frameworks */,
				571D8CE31677881400F1A22C /* CoreGraphics.framework in Frameworks */,
				571D8CE41677881400F1A22C /* CoreData.framework in Frameworks */,
				96B5BCEAE026D3180E30E9D5 /* Pods_seafile_appstore.framework in Frameworks */,
			);
			runOnlyForDeploymentPostprocessing = 0;
		};
		57A0295C1A16F8AC009C9D7B /* Frameworks */ = {
			isa = PBXFrameworksBuildPhase;
			buildActionMask = 2147483647;
			files = (
				3F68C713782789ACD2E59825 /* Pods_SeafProvider.framework in Frameworks */,
			);
			runOnlyForDeploymentPostprocessing = 0;
		};
		57A0296A1A16F8AD009C9D7B /* Frameworks */ = {
			isa = PBXFrameworksBuildPhase;
			buildActionMask = 2147483647;
			files = (
				D4BE633C902E318907D8AF69 /* Pods_SeafProviderFileProvider.framework in Frameworks */,
			);
			runOnlyForDeploymentPostprocessing = 0;
		};
		57B14B671DF5325A0045112E /* Frameworks */ = {
			isa = PBXFrameworksBuildPhase;
			buildActionMask = 2147483647;
			files = (
				08C81221B93B2F77F1F85649 /* Pods_SeafAction.framework in Frameworks */,
			);
			runOnlyForDeploymentPostprocessing = 0;
		};
/* End PBXFrameworksBuildPhase section */

/* Begin PBXGroup section */
		356B8B1C9F847DA37F0EFE1E /* Pods */ = {
			isa = PBXGroup;
			children = (
				67C8B56C448237DC7BB99D18 /* Pods-SeafProvider.debug.xcconfig */,
				0AC7D46EF997A8FF83A3AD84 /* Pods-SeafProvider.release.xcconfig */,
				2979DE872836DD67FEA29262 /* Pods-SeafProviderFileProvider.debug.xcconfig */,
				DE6E97E6F025F693FDC9CCB1 /* Pods-SeafProviderFileProvider.release.xcconfig */,
				AB170391198116EFF77DDDA5 /* Pods-seafile-appstore.debug.xcconfig */,
				14F713F28AC94AB8901C31BF /* Pods-seafile-appstore.release.xcconfig */,
				EE1E1FA7502D3F04292B11CB /* Pods-SeafAction.debug.xcconfig */,
				9AF30EE6039454E8B0967C09 /* Pods-SeafAction.release.xcconfig */,
			);
			name = Pods;
			sourceTree = "<group>";
		};
		5704C6CF1753A07E0028F4FE /* thirdpart */ = {
			isa = PBXGroup;
			children = (
				5704C6D01753A1380028F4FE /* IntelligentSplitViewController.h */,
				5704C6D11753A1380028F4FE /* IntelligentSplitViewController.m */,
			);
			name = thirdpart;
			sourceTree = "<group>";
		};
		57094B3315B9A64500F48C08 /* images */ = {
			isa = PBXGroup;
			children = (
			);
			path = images;
			sourceTree = "<group>";
		};
		5709512615B9ACDF00F48C08 /* views */ = {
			isa = PBXGroup;
			children = (
				570DFAC316A15D0100ADD5F2 /* SeafAccountViewController.h */,
				570DFAC416A15D0100ADD5F2 /* SeafAccountViewController.m */,
				5775EA0E17476FAD000A1765 /* SeafActivityViewController.h */,
				5775EA0F17476FAD000A1765 /* SeafActivityViewController.m */,
				574456821774922B00EA46A6 /* SeafAppDelegate.h */,
				57DB828315A833FA00097CEC /* SeafAppDelegate.m */,
				5764C829163BF91B006AD511 /* SeafSettingsViewController.h */,
				5764C82A163BF91B006AD511 /* SeafSettingsViewController.m */,
				5757DCCA1AEBCF1600BC0426 /* SeafShibbolethViewController.h */,
				5757DCCB1AEBCF1600BC0426 /* SeafShibbolethViewController.m */,
				572B0A7515D16C1C00798C6E /* StartViewController.h */,
				572B0A7615D16C1C00798C6E /* StartViewController.m */,
			);
			name = views;
			sourceTree = "<group>";
		};
		5709512815B9B1B600F48C08 /* ui */ = {
			isa = PBXGroup;
			children = (
				57E22B031A12625B00C92330 /* SeafStart.storyboard */,
				F536DA181F30DB6F00F2EF3F /* SeafSyncInfoCell.xib */,
			);
			name = ui;
			sourceTree = "<group>";
		};
		57A029601A16F8AC009C9D7B /* SeafProvider */ = {
			isa = PBXGroup;
			children = (
				57A029A11A170147009C9D7B /* SeafProviderFileViewController.h */,
				57A029A21A170147009C9D7B /* SeafProviderFileViewController.m */,
				57A029A31A170147009C9D7B /* SeafProviderFileViewController.storyboard */,
				57A029971A16F95D009C9D7B /* Info.plist */,
				57A029981A16F95D009C9D7B /* MainInterface.storyboard */,
				57A029991A16F95D009C9D7B /* SeafProvider.entitlements */,
				57A029811A16F91F009C9D7B /* DocumentPickerViewController.h */,
				57A029821A16F91F009C9D7B /* DocumentPickerViewController.m */,
				57A029611A16F8AD009C9D7B /* Supporting Files */,
			);
			path = SeafProvider;
			sourceTree = "<group>";
		};
		57A029611A16F8AD009C9D7B /* Supporting Files */ = {
			isa = PBXGroup;
			children = (
			);
			name = "Supporting Files";
			sourceTree = "<group>";
		};
		57A0296E1A16F8AD009C9D7B /* SeafProviderFileProvider */ = {
			isa = PBXGroup;
			children = (
				57A0298A1A16F935009C9D7B /* FileProvider.h */,
				57A0298B1A16F935009C9D7B /* FileProvider.m */,
				57A0299D1A16F965009C9D7B /* Info.plist */,
				57A0299E1A16F965009C9D7B /* SeafProviderFileProvider.entitlements */,
				57A0296F1A16F8AD009C9D7B /* Supporting Files */,
			);
			path = SeafProviderFileProvider;
			sourceTree = "<group>";
		};
		57A0296F1A16F8AD009C9D7B /* Supporting Files */ = {
			isa = PBXGroup;
			children = (
			);
			name = "Supporting Files";
			sourceTree = "<group>";
		};
		57B14B6B1DF5325A0045112E /* SeafAction */ = {
			isa = PBXGroup;
			children = (
				57B14B791DF7EA300045112E /* SeafAction.entitlements */,
				57B14B6C1DF5325B0045112E /* ActionViewController.h */,
				57B14B6D1DF5325B0045112E /* ActionViewController.m */,
				57B14B6F1DF5325B0045112E /* MainInterface.storyboard */,
				57B14B721DF5325B0045112E /* Info.plist */,
				574D3DC61DFA88CF0093C18C /* SeafActionDirViewController.h */,
				574D3DC71DFA88CF0093C18C /* SeafActionDirViewController.m */,
			);
			path = SeafAction;
			sourceTree = "<group>";
		};
		57DB826215A833F900097CEC = {
			isa = PBXGroup;
			children = (
				58D40A461E9ACEA000A68BEF /* common */,
				57B14B6B1DF5325A0045112E /* SeafAction */,
				57DB827015A833FA00097CEC /* Frameworks */,
				57D189CE182E0A380029A797 /* Images.xcassets */,
				356B8B1C9F847DA37F0EFE1E /* Pods */,
				57DB826E15A833FA00097CEC /* Products */,
				57DB827915A833FA00097CEC /* seafile */,
				57A029601A16F8AC009C9D7B /* SeafProvider */,
				57A0296E1A16F8AD009C9D7B /* SeafProviderFileProvider */,
			);
			sourceTree = "<group>";
		};
		57DB826E15A833FA00097CEC /* Products */ = {
			isa = PBXGroup;
			children = (
				571D8DBA1677881400F1A22C /* SeafilePro.app */,
				57A0295F1A16F8AC009C9D7B /* SeafProvider.appex */,
				57A0296D1A16F8AD009C9D7B /* SeafProviderFileProvider.appex */,
				57B14B6A1DF5325A0045112E /* SeafAction.appex */,
			);
			name = Products;
			sourceTree = "<group>";
		};
		57DB827015A833FA00097CEC /* Frameworks */ = {
			isa = PBXGroup;
			children = (
				583F23C11E3E6EAC00F9FE07 /* Contacts.framework */,
				57F143921B886B96009C1BC8 /* CoreLocation.framework */,
				57814AF71AA8B55000D1D5D8 /* Photos.framework */,
				57F0AAFC16D8913600364D18 /* AssetsLibrary.framework */,
				57DB827715A833FA00097CEC /* CoreData.framework */,
				57DB827515A833FA00097CEC /* CoreGraphics.framework */,
				576B9918186142EC00A16ED6 /* CoreText.framework */,
				57DB827315A833FA00097CEC /* Foundation.framework */,
				5765533D161D44A2005E5327 /* MessageUI.framework */,
				571F5147168C80380055D69B /* MobileCoreServices.framework */,
				57B66EAF15BA513E00C2B41B /* QuartzCore.framework */,
				576B9EC015DD394600802D07 /* QuickLook.framework */,
				5725186117AE7D000078CD12 /* Security.framework */,
				57335CF8160DA00000018AE8 /* SystemConfiguration.framework */,
				57DB827115A833FA00097CEC /* UIKit.framework */,
				EDF111F289F29D4B6379A432 /* Pods_SeafAction.framework */,
				7FC7D160B75CAC7F84D36617 /* Pods_SeafProvider.framework */,
				F0B9C062F8425D95D2154FBB /* Pods_SeafProviderFileProvider.framework */,
				96AA918F0DB37BEFBB94059D /* Pods_seafile_appstore.framework */,
			);
			name = Frameworks;
			sourceTree = "<group>";
		};
		57DB827915A833FA00097CEC /* seafile */ = {
			isa = PBXGroup;
			children = (
				5704C6CF1753A07E0028F4FE /* thirdpart */,
				57094B3315B9A64500F48C08 /* images */,
				57DB827A15A833FA00097CEC /* Supporting Files */,
				5709512815B9B1B600F48C08 /* ui */,
				5709512615B9ACDF00F48C08 /* views */,
			);
			path = seafile;
			sourceTree = "<group>";
		};
		57DB827A15A833FA00097CEC /* Supporting Files */ = {
			isa = PBXGroup;
			children = (
				57D822F51C12B80A008947FC /* seafile-appstore-Info.plist */,
				57124BEA1B3EA6EA00075EAE /* LaunchScreen.png */,
				57E228B61A0E403A00C92330 /* QBImagePickerController.bundle */,
				57532C161868AA48003D564B /* Localizable.strings */,
				573C3C641A15104B009675F9 /* seafile.entitlements */,
				57E228BC1A0E4FC400C92330 /* seafile-Prefix.pch */,
				57DB827C15A833FA00097CEC /* InfoPlist.strings */,
				57DB827F15A833FA00097CEC /* main.m */,
				577C6F371AB07B910043A833 /* Settings.bundle */,
			);
			name = "Supporting Files";
			sourceTree = "<group>";
		};
		58D40A461E9ACEA000A68BEF /* common */ = {
			isa = PBXGroup;
			children = (
				58D40A5F1E9AF70D00A68BEF /* Resources */,
				58D40A5E1E9AF70000A68BEF /* Classes */,
			);
			name = common;
			sourceTree = "<group>";
		};
		58D40A5E1E9AF70000A68BEF /* Classes */ = {
			isa = PBXGroup;
			children = (
			);
			name = Classes;
			sourceTree = "<group>";
		};
		58D40A5F1E9AF70D00A68BEF /* Resources */ = {
			isa = PBXGroup;
			children = (
			);
			name = Resources;
			sourceTree = "<group>";
		};
/* End PBXGroup section */

/* Begin PBXNativeTarget section */
		571D8CA91677881400F1A22C /* seafile-appstore */ = {
			isa = PBXNativeTarget;
			buildConfigurationList = 571D8DB71677881400F1A22C /* Build configuration list for PBXNativeTarget "seafile-appstore" */;
			buildPhases = (
				3AD17BEEB9F4EF2ADD5DFDB6 /* [CP] Check Pods Manifest.lock */,
				571D8CAA1677881400F1A22C /* Sources */,
				571D8CDC1677881400F1A22C /* Frameworks */,
				571D8CE51677881400F1A22C /* Resources */,
				57E228E51A0F4EE700C92330 /* Embed App Extensions */,
				E3A49DC07E5D712647A9339D /* [CP] Embed Pods Frameworks */,
				DBA7E67946E92470596B2A9A /* [CP] Copy Pods Resources */,
			);
			buildRules = (
				57E22B341A126D6A00C92330 /* PBXBuildRule */,
			);
			dependencies = (
				57A029761A16F8AD009C9D7B /* PBXTargetDependency */,
				57A029791A16F8AD009C9D7B /* PBXTargetDependency */,
				57B14B741DF5325B0045112E /* PBXTargetDependency */,
			);
			name = "seafile-appstore";
			productName = seafile;
			productReference = 571D8DBA1677881400F1A22C /* SeafilePro.app */;
			productType = "com.apple.product-type.application";
		};
		57A0295E1A16F8AC009C9D7B /* SeafProvider */ = {
			isa = PBXNativeTarget;
			buildConfigurationList = 57A0297E1A16F8AD009C9D7B /* Build configuration list for PBXNativeTarget "SeafProvider" */;
			buildPhases = (
				E8C55D49FB459D43BDFE937B /* [CP] Check Pods Manifest.lock */,
				57A0295B1A16F8AC009C9D7B /* Sources */,
				57A0295C1A16F8AC009C9D7B /* Frameworks */,
				57A0295D1A16F8AC009C9D7B /* Resources */,
				A61BB71E2E0642962D9F33F2 /* [CP] Copy Pods Resources */,
				571617B61BE2695A00792316 /* ShellScript */,
			);
			buildRules = (
			);
			dependencies = (
			);
			name = SeafProvider;
			productName = SeafProvider;
			productReference = 57A0295F1A16F8AC009C9D7B /* SeafProvider.appex */;
			productType = "com.apple.product-type.app-extension";
		};
		57A0296C1A16F8AD009C9D7B /* SeafProviderFileProvider */ = {
			isa = PBXNativeTarget;
			buildConfigurationList = 57A0297B1A16F8AD009C9D7B /* Build configuration list for PBXNativeTarget "SeafProviderFileProvider" */;
			buildPhases = (
				692521AF382DFE63965818C2 /* [CP] Check Pods Manifest.lock */,
				57A029691A16F8AD009C9D7B /* Sources */,
				57A0296A1A16F8AD009C9D7B /* Frameworks */,
				57A0296B1A16F8AD009C9D7B /* Resources */,
				BF77F73BB58D4586C699D417 /* [CP] Copy Pods Resources */,
				571617B71BE2696800792316 /* ShellScript */,
			);
			buildRules = (
			);
			dependencies = (
			);
			name = SeafProviderFileProvider;
			productName = SeafProviderFileProvider;
			productReference = 57A0296D1A16F8AD009C9D7B /* SeafProviderFileProvider.appex */;
			productType = "com.apple.product-type.app-extension";
		};
		57B14B691DF5325A0045112E /* SeafAction */ = {
			isa = PBXNativeTarget;
			buildConfigurationList = 57B14B781DF5325B0045112E /* Build configuration list for PBXNativeTarget "SeafAction" */;
			buildPhases = (
				8C4F472736EA3B11C9C44670 /* [CP] Check Pods Manifest.lock */,
				57B14B661DF5325A0045112E /* Sources */,
				57B14B671DF5325A0045112E /* Frameworks */,
				57B14B681DF5325A0045112E /* Resources */,
				B517FD8CB748C1F6D38B961A /* [CP] Copy Pods Resources */,
				57A81C031E01138A0084AF99 /* ShellScript */,
			);
			buildRules = (
			);
			dependencies = (
			);
			name = SeafAction;
			productName = SeafAction;
			productReference = 57B14B6A1DF5325A0045112E /* SeafAction.appex */;
			productType = "com.apple.product-type.app-extension";
		};
/* End PBXNativeTarget section */

/* Begin PBXProject section */
		57DB826415A833F900097CEC /* Project object */ = {
			isa = PBXProject;
			attributes = {
				CLASSPREFIX = Seaf;
				LastUpgradeCheck = 0910;
				ORGANIZATIONNAME = Seafile;
				TargetAttributes = {
					571D8CA91677881400F1A22C = {
						DevelopmentTeam = 55LCTZ5354;
						ProvisioningStyle = Automatic;
						SystemCapabilities = {
							com.apple.ApplicationGroups.iOS = {
								enabled = 1;
							};
							com.apple.BackgroundModes = {
								enabled = 1;
							};
							com.apple.Keychain = {
								enabled = 1;
							};
							com.apple.iCloud = {
								enabled = 1;
							};
						};
					};
					57A0295E1A16F8AC009C9D7B = {
						CreatedOnToolsVersion = 6.1;
						DevelopmentTeam = 55LCTZ5354;
						ProvisioningStyle = Automatic;
						SystemCapabilities = {
							com.apple.iCloud = {
								enabled = 1;
							};
						};
					};
					57A0296C1A16F8AD009C9D7B = {
						CreatedOnToolsVersion = 6.1;
						DevelopmentTeam = 55LCTZ5354;
						ProvisioningStyle = Automatic;
						SystemCapabilities = {
							com.apple.iCloud = {
								enabled = 1;
							};
						};
					};
					57B14B691DF5325A0045112E = {
						CreatedOnToolsVersion = 8.1;
						DevelopmentTeam = 55LCTZ5354;
						ProvisioningStyle = Automatic;
						SystemCapabilities = {
							com.apple.ApplicationGroups.iOS = {
								enabled = 1;
							};
							com.apple.Keychain = {
								enabled = 1;
							};
						};
					};
				};
			};
			buildConfigurationList = 57DB826715A833F900097CEC /* Build configuration list for PBXProject "seafilePro" */;
			compatibilityVersion = "Xcode 3.2";
			developmentRegion = English;
			hasScannedForEncodings = 0;
			knownRegions = (
				en,
				"zh-Hans",
				Base,
				de,
				fr,
				ru,
				ca,
				hu,
				ja,
				ko,
				it,
				"pt-PT",
				pl,
				tr,
				is,
				cs,
				nb,
				es,
				"pt-BR",
			);
			mainGroup = 57DB826215A833F900097CEC;
			productRefGroup = 57DB826E15A833FA00097CEC /* Products */;
			projectDirPath = "";
			projectRoot = "";
			targets = (
				571D8CA91677881400F1A22C /* seafile-appstore */,
				57A0295E1A16F8AC009C9D7B /* SeafProvider */,
				57A0296C1A16F8AD009C9D7B /* SeafProviderFileProvider */,
				57B14B691DF5325A0045112E /* SeafAction */,
			);
		};
/* End PBXProject section */

/* Begin PBXResourcesBuildPhase section */
		571D8CE51677881400F1A22C /* Resources */ = {
			isa = PBXResourcesBuildPhase;
			buildActionMask = 2147483647;
			files = (
				57E22B411A126EBE00C92330 /* SeafStart.storyboard in Resources */,
				573C3C651A15104B009675F9 /* seafile.entitlements in Resources */,
				F536DA1A1F30DB6F00F2EF3F /* SeafSyncInfoCell.xib in Resources */,
				57D189D0182E0A380029A797 /* Images.xcassets in Resources */,
				57124BEB1B3EA6EA00075EAE /* LaunchScreen.png in Resources */,
				57532C1A1868AA48003D564B /* Localizable.strings in Resources */,
				577C6F381AB07B910043A833 /* Settings.bundle in Resources */,
				57E228B71A0E403A00C92330 /* QBImagePickerController.bundle in Resources */,
			);
			runOnlyForDeploymentPostprocessing = 0;
		};
		57A0295D1A16F8AC009C9D7B /* Resources */ = {
			isa = PBXResourcesBuildPhase;
			buildActionMask = 2147483647;
			files = (
				57A029A51A170147009C9D7B /* SeafProviderFileViewController.storyboard in Resources */,
				577C6F391AB07B910043A833 /* Settings.bundle in Resources */,
				57A0299B1A16F95D009C9D7B /* MainInterface.storyboard in Resources */,
				57A0299C1A16F95D009C9D7B /* SeafProvider.entitlements in Resources */,
			);
			runOnlyForDeploymentPostprocessing = 0;
		};
		57A0296B1A16F8AD009C9D7B /* Resources */ = {
			isa = PBXResourcesBuildPhase;
			buildActionMask = 2147483647;
			files = (
				577C6F3A1AB07B910043A833 /* Settings.bundle in Resources */,
				57A029A01A16F965009C9D7B /* SeafProviderFileProvider.entitlements in Resources */,
			);
			runOnlyForDeploymentPostprocessing = 0;
		};
		57B14B681DF5325A0045112E /* Resources */ = {
			isa = PBXResourcesBuildPhase;
			buildActionMask = 2147483647;
			files = (
				574D3DCA1DFD1E010093C18C /* Localizable.strings in Resources */,
				57B14B711DF5325B0045112E /* MainInterface.storyboard in Resources */,
				574D3D8E1DFA6EF90093C18C /* Images.xcassets in Resources */,
			);
			runOnlyForDeploymentPostprocessing = 0;
		};
/* End PBXResourcesBuildPhase section */

/* Begin PBXShellScriptBuildPhase section */
		3AD17BEEB9F4EF2ADD5DFDB6 /* [CP] Check Pods Manifest.lock */ = {
			isa = PBXShellScriptBuildPhase;
			buildActionMask = 2147483647;
			files = (
			);
			inputPaths = (
				"${PODS_PODFILE_DIR_PATH}/Podfile.lock",
				"${PODS_ROOT}/Manifest.lock",
			);
			name = "[CP] Check Pods Manifest.lock";
			outputPaths = (
				"$(DERIVED_FILE_DIR)/Pods-seafile-appstore-checkManifestLockResult.txt",
			);
			runOnlyForDeploymentPostprocessing = 0;
			shellPath = /bin/sh;
			shellScript = "diff \"${PODS_ROOT}/../Podfile.lock\" \"${PODS_ROOT}/Manifest.lock\" > /dev/null\nif [ $? != 0 ] ; then\n    # print error to STDERR\n    echo \"error: The sandbox is not in sync with the Podfile.lock. Run 'pod install' or update your CocoaPods installation.\" >&2\n    exit 1\nfi\n";
			showEnvVarsInLog = 0;
		};
		571617B61BE2695A00792316 /* ShellScript */ = {
			isa = PBXShellScriptBuildPhase;
			buildActionMask = 2147483647;
			files = (
			);
			inputPaths = (
			);
			outputPaths = (
			);
			runOnlyForDeploymentPostprocessing = 0;
			shellPath = /bin/sh;
			shellScript = "cd \"${CONFIGURATION_BUILD_DIR}/${UNLOCALIZED_RESOURCES_FOLDER_PATH}/\"\nif [[ -d \"Frameworks\" ]]; then\nrm -fr Frameworks\nfi";
		};
		571617B71BE2696800792316 /* ShellScript */ = {
			isa = PBXShellScriptBuildPhase;
			buildActionMask = 2147483647;
			files = (
			);
			inputPaths = (
			);
			outputPaths = (
			);
			runOnlyForDeploymentPostprocessing = 0;
			shellPath = /bin/sh;
			shellScript = "cd \"${CONFIGURATION_BUILD_DIR}/${UNLOCALIZED_RESOURCES_FOLDER_PATH}/\"\nif [[ -d \"Frameworks\" ]]; then\nrm -fr Frameworks\nfi";
		};
		57A81C031E01138A0084AF99 /* ShellScript */ = {
			isa = PBXShellScriptBuildPhase;
			buildActionMask = 2147483647;
			files = (
			);
			inputPaths = (
			);
			outputPaths = (
			);
			runOnlyForDeploymentPostprocessing = 0;
			shellPath = /bin/sh;
			shellScript = "cd \"${CONFIGURATION_BUILD_DIR}/${UNLOCALIZED_RESOURCES_FOLDER_PATH}/\"\nif [[ -d \"Frameworks\" ]]; then\nrm -fr Frameworks\nfi";
		};
		692521AF382DFE63965818C2 /* [CP] Check Pods Manifest.lock */ = {
			isa = PBXShellScriptBuildPhase;
			buildActionMask = 2147483647;
			files = (
			);
			inputPaths = (
				"${PODS_PODFILE_DIR_PATH}/Podfile.lock",
				"${PODS_ROOT}/Manifest.lock",
			);
			name = "[CP] Check Pods Manifest.lock";
			outputPaths = (
				"$(DERIVED_FILE_DIR)/Pods-SeafProviderFileProvider-checkManifestLockResult.txt",
			);
			runOnlyForDeploymentPostprocessing = 0;
			shellPath = /bin/sh;
			shellScript = "diff \"${PODS_ROOT}/../Podfile.lock\" \"${PODS_ROOT}/Manifest.lock\" > /dev/null\nif [ $? != 0 ] ; then\n    # print error to STDERR\n    echo \"error: The sandbox is not in sync with the Podfile.lock. Run 'pod install' or update your CocoaPods installation.\" >&2\n    exit 1\nfi\n";
			showEnvVarsInLog = 0;
		};
		8C4F472736EA3B11C9C44670 /* [CP] Check Pods Manifest.lock */ = {
			isa = PBXShellScriptBuildPhase;
			buildActionMask = 2147483647;
			files = (
			);
			inputPaths = (
				"${PODS_PODFILE_DIR_PATH}/Podfile.lock",
				"${PODS_ROOT}/Manifest.lock",
			);
			name = "[CP] Check Pods Manifest.lock";
			outputPaths = (
				"$(DERIVED_FILE_DIR)/Pods-SeafAction-checkManifestLockResult.txt",
			);
			runOnlyForDeploymentPostprocessing = 0;
			shellPath = /bin/sh;
			shellScript = "diff \"${PODS_ROOT}/../Podfile.lock\" \"${PODS_ROOT}/Manifest.lock\" > /dev/null\nif [ $? != 0 ] ; then\n    # print error to STDERR\n    echo \"error: The sandbox is not in sync with the Podfile.lock. Run 'pod install' or update your CocoaPods installation.\" >&2\n    exit 1\nfi\n";
			showEnvVarsInLog = 0;
		};
		A61BB71E2E0642962D9F33F2 /* [CP] Copy Pods Resources */ = {
			isa = PBXShellScriptBuildPhase;
			buildActionMask = 2147483647;
			files = (
			);
			inputPaths = (
				"${SRCROOT}/Pods/Target Support Files/Pods-SeafProvider/Pods-SeafProvider-resources.sh",
				$PODS_CONFIGURATION_BUILD_DIR/Seafile/Seafile.bundle,
			);
			name = "[CP] Copy Pods Resources";
			outputPaths = (
				"${TARGET_BUILD_DIR}/${UNLOCALIZED_RESOURCES_FOLDER_PATH}",
			);
			runOnlyForDeploymentPostprocessing = 0;
			shellPath = /bin/sh;
			shellScript = "\"${SRCROOT}/Pods/Target Support Files/Pods-SeafProvider/Pods-SeafProvider-resources.sh\"\n";
			showEnvVarsInLog = 0;
		};
		B517FD8CB748C1F6D38B961A /* [CP] Copy Pods Resources */ = {
			isa = PBXShellScriptBuildPhase;
			buildActionMask = 2147483647;
			files = (
			);
			inputPaths = (
				"${SRCROOT}/Pods/Target Support Files/Pods-SeafAction/Pods-SeafAction-resources.sh",
				$PODS_CONFIGURATION_BUILD_DIR/Seafile/Seafile.bundle,
			);
			name = "[CP] Copy Pods Resources";
			outputPaths = (
				"${TARGET_BUILD_DIR}/${UNLOCALIZED_RESOURCES_FOLDER_PATH}",
			);
			runOnlyForDeploymentPostprocessing = 0;
			shellPath = /bin/sh;
			shellScript = "\"${SRCROOT}/Pods/Target Support Files/Pods-SeafAction/Pods-SeafAction-resources.sh\"\n";
			showEnvVarsInLog = 0;
		};
		BF77F73BB58D4586C699D417 /* [CP] Copy Pods Resources */ = {
			isa = PBXShellScriptBuildPhase;
			buildActionMask = 2147483647;
			files = (
			);
			inputPaths = (
				"${SRCROOT}/Pods/Target Support Files/Pods-SeafProviderFileProvider/Pods-SeafProviderFileProvider-resources.sh",
				$PODS_CONFIGURATION_BUILD_DIR/Seafile/Seafile.bundle,
			);
			name = "[CP] Copy Pods Resources";
			outputPaths = (
				"${TARGET_BUILD_DIR}/${UNLOCALIZED_RESOURCES_FOLDER_PATH}",
			);
			runOnlyForDeploymentPostprocessing = 0;
			shellPath = /bin/sh;
			shellScript = "\"${SRCROOT}/Pods/Target Support Files/Pods-SeafProviderFileProvider/Pods-SeafProviderFileProvider-resources.sh\"\n";
			showEnvVarsInLog = 0;
		};
		DBA7E67946E92470596B2A9A /* [CP] Copy Pods Resources */ = {
			isa = PBXShellScriptBuildPhase;
			buildActionMask = 2147483647;
			files = (
			);
			inputPaths = (
				"${SRCROOT}/Pods/Target Support Files/Pods-seafile-appstore/Pods-seafile-appstore-resources.sh",
				$PODS_CONFIGURATION_BUILD_DIR/MWPhotoBrowser/MWPhotoBrowser.bundle,
				$PODS_CONFIGURATION_BUILD_DIR/QBImagePickerController/QBImagePickerController.bundle,
				"${PODS_ROOT}/SVProgressHUD/SVProgressHUD/SVProgressHUD.bundle",
				$PODS_CONFIGURATION_BUILD_DIR/Seafile/Seafile.bundle,
			);
			name = "[CP] Copy Pods Resources";
			outputPaths = (
				"${TARGET_BUILD_DIR}/${UNLOCALIZED_RESOURCES_FOLDER_PATH}",
			);
			runOnlyForDeploymentPostprocessing = 0;
			shellPath = /bin/sh;
			shellScript = "\"${SRCROOT}/Pods/Target Support Files/Pods-seafile-appstore/Pods-seafile-appstore-resources.sh\"\n";
			showEnvVarsInLog = 0;
		};
		E3A49DC07E5D712647A9339D /* [CP] Embed Pods Frameworks */ = {
			isa = PBXShellScriptBuildPhase;
			buildActionMask = 2147483647;
			files = (
			);
			inputPaths = (
			);
			name = "[CP] Embed Pods Frameworks";
			outputPaths = (
			);
			runOnlyForDeploymentPostprocessing = 0;
			shellPath = /bin/sh;
			shellScript = "\"${SRCROOT}/Pods/Target Support Files/Pods-seafile-appstore/Pods-seafile-appstore-frameworks.sh\"\n";
			showEnvVarsInLog = 0;
		};
		E8C55D49FB459D43BDFE937B /* [CP] Check Pods Manifest.lock */ = {
			isa = PBXShellScriptBuildPhase;
			buildActionMask = 2147483647;
			files = (
			);
			inputPaths = (
				"${PODS_PODFILE_DIR_PATH}/Podfile.lock",
				"${PODS_ROOT}/Manifest.lock",
			);
			name = "[CP] Check Pods Manifest.lock";
			outputPaths = (
				"$(DERIVED_FILE_DIR)/Pods-SeafProvider-checkManifestLockResult.txt",
			);
			runOnlyForDeploymentPostprocessing = 0;
			shellPath = /bin/sh;
			shellScript = "diff \"${PODS_ROOT}/../Podfile.lock\" \"${PODS_ROOT}/Manifest.lock\" > /dev/null\nif [ $? != 0 ] ; then\n    # print error to STDERR\n    echo \"error: The sandbox is not in sync with the Podfile.lock. Run 'pod install' or update your CocoaPods installation.\" >&2\n    exit 1\nfi\n";
			showEnvVarsInLog = 0;
		};
/* End PBXShellScriptBuildPhase section */

/* Begin PBXSourcesBuildPhase section */
		571D8CAA1677881400F1A22C /* Sources */ = {
			isa = PBXSourcesBuildPhase;
			buildActionMask = 2147483647;
			files = (
				571D8CAB1677881400F1A22C /* main.m in Sources */,
				571D8CAC1677881400F1A22C /* SeafAppDelegate.m in Sources */,
				571D8CBF1677881400F1A22C /* StartViewController.m in Sources */,
				571D8CD21677881400F1A22C /* SeafSettingsViewController.m in Sources */,
				570DFAC716A15D0100ADD5F2 /* SeafAccountViewController.m in Sources */,
				5757DCCD1AEBCF1600BC0426 /* SeafShibbolethViewController.m in Sources */,
				5775EA1217476FAD000A1765 /* SeafActivityViewController.m in Sources */,
				5704C6D31753A1380028F4FE /* IntelligentSplitViewController.m in Sources */,
			);
			runOnlyForDeploymentPostprocessing = 0;
		};
		57A0295B1A16F8AC009C9D7B /* Sources */ = {
			isa = PBXSourcesBuildPhase;
			buildActionMask = 2147483647;
			files = (
				57A029A41A170147009C9D7B /* SeafProviderFileViewController.m in Sources */,
				57A029861A16F91F009C9D7B /* DocumentPickerViewController.m in Sources */,
			);
			runOnlyForDeploymentPostprocessing = 0;
		};
		57A029691A16F8AD009C9D7B /* Sources */ = {
			isa = PBXSourcesBuildPhase;
			buildActionMask = 2147483647;
			files = (
				57A0298E1A16F935009C9D7B /* FileProvider.m in Sources */,
			);
			runOnlyForDeploymentPostprocessing = 0;
		};
		57B14B661DF5325A0045112E /* Sources */ = {
			isa = PBXSourcesBuildPhase;
			buildActionMask = 2147483647;
			files = (
				574D3DC81DFA88CF0093C18C /* SeafActionDirViewController.m in Sources */,
				57B14B6E1DF5325B0045112E /* ActionViewController.m in Sources */,
			);
			runOnlyForDeploymentPostprocessing = 0;
		};
/* End PBXSourcesBuildPhase section */

/* Begin PBXTargetDependency section */
		57A029761A16F8AD009C9D7B /* PBXTargetDependency */ = {
			isa = PBXTargetDependency;
			target = 57A0296C1A16F8AD009C9D7B /* SeafProviderFileProvider */;
			targetProxy = 57A029751A16F8AD009C9D7B /* PBXContainerItemProxy */;
		};
		57A029791A16F8AD009C9D7B /* PBXTargetDependency */ = {
			isa = PBXTargetDependency;
			target = 57A0295E1A16F8AC009C9D7B /* SeafProvider */;
			targetProxy = 57A029781A16F8AD009C9D7B /* PBXContainerItemProxy */;
		};
		57B14B741DF5325B0045112E /* PBXTargetDependency */ = {
			isa = PBXTargetDependency;
			target = 57B14B691DF5325A0045112E /* SeafAction */;
			targetProxy = 57B14B731DF5325B0045112E /* PBXContainerItemProxy */;
		};
/* End PBXTargetDependency section */

/* Begin PBXVariantGroup section */
		57532C161868AA48003D564B /* Localizable.strings */ = {
			isa = PBXVariantGroup;
			children = (
				57532C171868AA48003D564B /* en */,
				57532C181868AA48003D564B /* zh-Hans */,
				E4F46F57187B44B200B80C36 /* de */,
				5729697418B76F0F00363B2E /* fr */,
				5729697518B76F3600363B2E /* ru */,
				57AE699418C1C0A200AEBF8B /* ca */,
				5752494D18C6EA7700352647 /* hu */,
				57E51BC619A0F355002B50C6 /* ko */,
				57E51BC719A0F3D5002B50C6 /* it */,
				57E51BC819A0F46E002B50C6 /* pt-PT */,
				579E612219C1FBEA008EA307 /* ja */,
				571B845A1A5AF0F500E92BF7 /* pl */,
				571B845B1A5AF10C00E92BF7 /* tr */,
				571B845C1A5AF14200E92BF7 /* is */,
				57E2FEA21ABD544900BCD7F5 /* cs */,
				57AE2ECD1B45663E003F1672 /* nb */,
				57642A361B8E057000C32B92 /* es */,
				57642A371B8E062800C32B92 /* pt-BR */,
			);
			name = Localizable.strings;
			sourceTree = "<group>";
		};
		57B14B6F1DF5325B0045112E /* MainInterface.storyboard */ = {
			isa = PBXVariantGroup;
			children = (
				57B14B701DF5325B0045112E /* Base */,
			);
			name = MainInterface.storyboard;
			sourceTree = "<group>";
		};
		57DB827C15A833FA00097CEC /* InfoPlist.strings */ = {
			isa = PBXVariantGroup;
			children = (
				5729697318B76D6F00363B2E /* Base */,
			);
			name = InfoPlist.strings;
			sourceTree = "<group>";
		};
		57E22B031A12625B00C92330 /* SeafStart.storyboard */ = {
			isa = PBXVariantGroup;
			children = (
				57F8CD1A1A127531000F6CDC /* en */,
			);
			name = SeafStart.storyboard;
			sourceTree = "<group>";
		};
/* End PBXVariantGroup section */

/* Begin XCBuildConfiguration section */
		571D8DB81677881400F1A22C /* Debug */ = {
			isa = XCBuildConfiguration;
			baseConfigurationReference = AB170391198116EFF77DDDA5 /* Pods-seafile-appstore.debug.xcconfig */;
			buildSettings = {
				ALWAYS_EMBED_SWIFT_STANDARD_LIBRARIES = "$(inherited)";
				ASSETCATALOG_COMPILER_APPICON_NAME = AppIcon;
				ASSETCATALOG_COMPILER_LAUNCHIMAGE_NAME = LaunchImage;
				CLANG_ENABLE_MODULES = YES;
				CODE_SIGN_ENTITLEMENTS = seafile/seafile.entitlements;
				"CODE_SIGN_ENTITLEMENTS[sdk=*]" = seafile/seafile.entitlements;
				CODE_SIGN_IDENTITY = "iPhone Developer";
				"CODE_SIGN_IDENTITY[sdk=iphoneos*]" = "iPhone Developer";
				DEBUG_INFORMATION_FORMAT = "dwarf-with-dsym";
				DEVELOPMENT_TEAM = 55LCTZ5354;
				ENABLE_BITCODE = YES;
				GCC_PRECOMPILE_PREFIX_HEADER = YES;
				GCC_PREFIX_HEADER = "seafile/seafile-Prefix.pch";
				HEADER_SEARCH_PATHS = "$(inherited)";
				INFOPLIST_FILE = "seafile/seafile-appstore-Info.plist";
				IPHONEOS_DEPLOYMENT_TARGET = 8.0;
				LIBRARY_SEARCH_PATHS = "$(inherited)";
				PRODUCT_BUNDLE_IDENTIFIER = com.seafile.seafilePro;
				PRODUCT_NAME = SeafilePro;
				PROVISIONING_PROFILE = "";
				"PROVISIONING_PROFILE[sdk=iphoneos*]" = "";
				PROVISIONING_PROFILE_SPECIFIER = "";
				SDKROOT = iphoneos;
				TARGETED_DEVICE_FAMILY = "1,2";
				WRAPPER_EXTENSION = app;
			};
			name = Debug;
		};
		571D8DB91677881400F1A22C /* Release */ = {
			isa = XCBuildConfiguration;
			baseConfigurationReference = 14F713F28AC94AB8901C31BF /* Pods-seafile-appstore.release.xcconfig */;
			buildSettings = {
				ALWAYS_EMBED_SWIFT_STANDARD_LIBRARIES = "$(inherited)";
				ASSETCATALOG_COMPILER_APPICON_NAME = AppIcon;
				ASSETCATALOG_COMPILER_LAUNCHIMAGE_NAME = LaunchImage;
				CLANG_ENABLE_MODULES = YES;
				CODE_SIGN_ENTITLEMENTS = seafile/seafile.entitlements;
				"CODE_SIGN_ENTITLEMENTS[sdk=*]" = seafile/seafile.entitlements;
				CODE_SIGN_IDENTITY = "iPhone Distribution";
				"CODE_SIGN_IDENTITY[sdk=iphoneos*]" = "iPhone Developer";
				DEBUG_INFORMATION_FORMAT = "dwarf-with-dsym";
				DEVELOPMENT_TEAM = 55LCTZ5354;
				ENABLE_BITCODE = YES;
				GCC_PRECOMPILE_PREFIX_HEADER = YES;
				GCC_PREFIX_HEADER = "seafile/seafile-Prefix.pch";
				HEADER_SEARCH_PATHS = "$(inherited)";
				INFOPLIST_FILE = "seafile/seafile-appstore-Info.plist";
				IPHONEOS_DEPLOYMENT_TARGET = 8.0;
				LIBRARY_SEARCH_PATHS = "$(inherited)";
				PRODUCT_BUNDLE_IDENTIFIER = com.seafile.seafilePro;
				PRODUCT_NAME = SeafilePro;
				PROVISIONING_PROFILE = "";
				"PROVISIONING_PROFILE[sdk=iphoneos*]" = "";
				PROVISIONING_PROFILE_SPECIFIER = "";
				SDKROOT = iphoneos;
				TARGETED_DEVICE_FAMILY = "1,2";
				WRAPPER_EXTENSION = app;
			};
			name = Release;
		};
		57A0297C1A16F8AD009C9D7B /* Debug */ = {
			isa = XCBuildConfiguration;
			baseConfigurationReference = 2979DE872836DD67FEA29262 /* Pods-SeafProviderFileProvider.debug.xcconfig */;
			buildSettings = {
				ALWAYS_EMBED_SWIFT_STANDARD_LIBRARIES = "$(inherited)";
				ASSETCATALOG_COMPILER_APPICON_NAME = AppIcon;
				ASSETCATALOG_COMPILER_LAUNCHIMAGE_NAME = LaunchImage;
				CLANG_CXX_LANGUAGE_STANDARD = "gnu++0x";
				CLANG_CXX_LIBRARY = "libc++";
				CLANG_ENABLE_MODULES = YES;
				CLANG_WARN_DIRECT_OBJC_ISA_USAGE = YES_ERROR;
				CLANG_WARN_OBJC_ROOT_CLASS = YES_ERROR;
				CODE_SIGN_ENTITLEMENTS = SeafProviderFileProvider/SeafProviderFileProvider.entitlements;
				CODE_SIGN_IDENTITY = "iPhone Developer";
				"CODE_SIGN_IDENTITY[sdk=iphoneos*]" = "iPhone Developer";
				DEBUG_INFORMATION_FORMAT = "dwarf-with-dsym";
				DEVELOPMENT_TEAM = 55LCTZ5354;
				ENABLE_BITCODE = YES;
				GCC_PREPROCESSOR_DEFINITIONS = (
					"DEBUG=1",
					"$(inherited)",
				);
				GCC_WARN_ABOUT_RETURN_TYPE = YES_ERROR;
				GCC_WARN_UNINITIALIZED_AUTOS = YES_AGGRESSIVE;
				HEADER_SEARCH_PATHS = "$(inherited)";
				INFOPLIST_FILE = SeafProviderFileProvider/Info.plist;
				IPHONEOS_DEPLOYMENT_TARGET = 8.0;
				LD_RUNPATH_SEARCH_PATHS = "$(inherited) @executable_path/../../Frameworks";
				MTL_ENABLE_DEBUG_INFO = YES;
				PRODUCT_BUNDLE_IDENTIFIER = "com.seafile.seafilePro.$(PRODUCT_NAME:rfc1034identifier)";
				PRODUCT_NAME = "$(TARGET_NAME)";
				PROVISIONING_PROFILE = "";
				PROVISIONING_PROFILE_SPECIFIER = "";
				SKIP_INSTALL = YES;
			};
			name = Debug;
		};
		57A0297D1A16F8AD009C9D7B /* Release */ = {
			isa = XCBuildConfiguration;
			baseConfigurationReference = DE6E97E6F025F693FDC9CCB1 /* Pods-SeafProviderFileProvider.release.xcconfig */;
			buildSettings = {
				ALWAYS_EMBED_SWIFT_STANDARD_LIBRARIES = "$(inherited)";
				ASSETCATALOG_COMPILER_APPICON_NAME = AppIcon;
				ASSETCATALOG_COMPILER_LAUNCHIMAGE_NAME = LaunchImage;
				CLANG_CXX_LANGUAGE_STANDARD = "gnu++0x";
				CLANG_CXX_LIBRARY = "libc++";
				CLANG_ENABLE_MODULES = YES;
				CLANG_WARN_DIRECT_OBJC_ISA_USAGE = YES_ERROR;
				CLANG_WARN_OBJC_ROOT_CLASS = YES_ERROR;
				CODE_SIGN_ENTITLEMENTS = SeafProviderFileProvider/SeafProviderFileProvider.entitlements;
				CODE_SIGN_IDENTITY = "iPhone Distribution";
				"CODE_SIGN_IDENTITY[sdk=iphoneos*]" = "iPhone Developer";
				DEBUG_INFORMATION_FORMAT = "dwarf-with-dsym";
				DEVELOPMENT_TEAM = 55LCTZ5354;
				ENABLE_BITCODE = YES;
				ENABLE_NS_ASSERTIONS = NO;
				GCC_WARN_ABOUT_RETURN_TYPE = YES_ERROR;
				GCC_WARN_UNINITIALIZED_AUTOS = YES_AGGRESSIVE;
				HEADER_SEARCH_PATHS = "$(inherited)";
				INFOPLIST_FILE = SeafProviderFileProvider/Info.plist;
				IPHONEOS_DEPLOYMENT_TARGET = 8.0;
				LD_RUNPATH_SEARCH_PATHS = "$(inherited) @executable_path/../../Frameworks";
				MTL_ENABLE_DEBUG_INFO = NO;
				PRODUCT_BUNDLE_IDENTIFIER = "com.seafile.seafilePro.$(PRODUCT_NAME:rfc1034identifier)";
				PRODUCT_NAME = "$(TARGET_NAME)";
				PROVISIONING_PROFILE = "";
				"PROVISIONING_PROFILE[sdk=iphoneos*]" = "";
				PROVISIONING_PROFILE_SPECIFIER = "";
				SKIP_INSTALL = YES;
			};
			name = Release;
		};
		57A0297F1A16F8AD009C9D7B /* Debug */ = {
			isa = XCBuildConfiguration;
			baseConfigurationReference = 67C8B56C448237DC7BB99D18 /* Pods-SeafProvider.debug.xcconfig */;
			buildSettings = {
				ALWAYS_EMBED_SWIFT_STANDARD_LIBRARIES = "$(inherited)";
				ASSETCATALOG_COMPILER_APPICON_NAME = AppIcon;
				ASSETCATALOG_COMPILER_LAUNCHIMAGE_NAME = LaunchImage;
				CLANG_CXX_LANGUAGE_STANDARD = "gnu++0x";
				CLANG_CXX_LIBRARY = "libc++";
				CLANG_ENABLE_MODULES = YES;
				CLANG_WARN_DIRECT_OBJC_ISA_USAGE = YES_ERROR;
				CLANG_WARN_OBJC_ROOT_CLASS = YES_ERROR;
				CODE_SIGN_ENTITLEMENTS = SeafProvider/SeafProvider.entitlements;
				CODE_SIGN_IDENTITY = "iPhone Developer";
				"CODE_SIGN_IDENTITY[sdk=iphoneos*]" = "iPhone Developer";
				DEBUG_INFORMATION_FORMAT = "dwarf-with-dsym";
				DEVELOPMENT_TEAM = 55LCTZ5354;
				ENABLE_BITCODE = YES;
				GCC_PREPROCESSOR_DEFINITIONS = (
					"DEBUG=1",
					"$(inherited)",
				);
				GCC_WARN_ABOUT_RETURN_TYPE = YES_ERROR;
				GCC_WARN_UNINITIALIZED_AUTOS = YES_AGGRESSIVE;
				HEADER_SEARCH_PATHS = "$(inherited)";
				INFOPLIST_FILE = SeafProvider/Info.plist;
				IPHONEOS_DEPLOYMENT_TARGET = 8.0;
				LD_RUNPATH_SEARCH_PATHS = "$(inherited) @executable_path/../../Frameworks";
				LIBRARY_SEARCH_PATHS = "$(inherited)";
				MTL_ENABLE_DEBUG_INFO = YES;
				PRODUCT_BUNDLE_IDENTIFIER = "com.seafile.seafilePro.$(PRODUCT_NAME:rfc1034identifier)";
				PRODUCT_NAME = "$(TARGET_NAME)";
				PROVISIONING_PROFILE = "";
				"PROVISIONING_PROFILE[sdk=iphoneos*]" = "";
				PROVISIONING_PROFILE_SPECIFIER = "";
				SKIP_INSTALL = YES;
			};
			name = Debug;
		};
		57A029801A16F8AD009C9D7B /* Release */ = {
			isa = XCBuildConfiguration;
			baseConfigurationReference = 0AC7D46EF997A8FF83A3AD84 /* Pods-SeafProvider.release.xcconfig */;
			buildSettings = {
				ALWAYS_EMBED_SWIFT_STANDARD_LIBRARIES = "$(inherited)";
				ASSETCATALOG_COMPILER_APPICON_NAME = AppIcon;
				ASSETCATALOG_COMPILER_LAUNCHIMAGE_NAME = LaunchImage;
				CLANG_CXX_LANGUAGE_STANDARD = "gnu++0x";
				CLANG_CXX_LIBRARY = "libc++";
				CLANG_ENABLE_MODULES = YES;
				CLANG_WARN_DIRECT_OBJC_ISA_USAGE = YES_ERROR;
				CLANG_WARN_OBJC_ROOT_CLASS = YES_ERROR;
				CODE_SIGN_ENTITLEMENTS = SeafProvider/SeafProvider.entitlements;
				CODE_SIGN_IDENTITY = "iPhone Distribution";
				"CODE_SIGN_IDENTITY[sdk=iphoneos*]" = "iPhone Developer";
				DEBUG_INFORMATION_FORMAT = "dwarf-with-dsym";
				DEVELOPMENT_TEAM = 55LCTZ5354;
				ENABLE_BITCODE = YES;
				ENABLE_NS_ASSERTIONS = NO;
				GCC_WARN_ABOUT_RETURN_TYPE = YES_ERROR;
				GCC_WARN_UNINITIALIZED_AUTOS = YES_AGGRESSIVE;
				HEADER_SEARCH_PATHS = "$(inherited)";
				INFOPLIST_FILE = SeafProvider/Info.plist;
				IPHONEOS_DEPLOYMENT_TARGET = 8.0;
				LD_RUNPATH_SEARCH_PATHS = "$(inherited) @executable_path/../../Frameworks";
				LIBRARY_SEARCH_PATHS = "$(inherited)";
				MTL_ENABLE_DEBUG_INFO = NO;
				PRODUCT_BUNDLE_IDENTIFIER = "com.seafile.seafilePro.$(PRODUCT_NAME:rfc1034identifier)";
				PRODUCT_NAME = "$(TARGET_NAME)";
				PROVISIONING_PROFILE = "";
				SKIP_INSTALL = YES;
			};
			name = Release;
		};
		57B14B761DF5325B0045112E /* Debug */ = {
			isa = XCBuildConfiguration;
			baseConfigurationReference = EE1E1FA7502D3F04292B11CB /* Pods-SeafAction.debug.xcconfig */;
			buildSettings = {
				ASSETCATALOG_COMPILER_APPICON_NAME = ExtActionIcon;
				ASSETCATALOG_COMPILER_LAUNCHIMAGE_NAME = LaunchImage;
				CLANG_ANALYZER_NONNULL = YES;
				CLANG_CXX_LANGUAGE_STANDARD = "gnu++0x";
				CLANG_CXX_LIBRARY = "libc++";
				CLANG_ENABLE_MODULES = YES;
				CLANG_WARN_DIRECT_OBJC_ISA_USAGE = YES_ERROR;
				CLANG_WARN_DOCUMENTATION_COMMENTS = YES;
				CLANG_WARN_OBJC_ROOT_CLASS = YES_ERROR;
				CLANG_WARN_SUSPICIOUS_MOVES = YES;
				CODE_SIGN_ENTITLEMENTS = SeafAction/SeafAction.entitlements;
				CODE_SIGN_IDENTITY = "iPhone Developer";
				"CODE_SIGN_IDENTITY[sdk=iphoneos*]" = "iPhone Developer";
				DEBUG_INFORMATION_FORMAT = dwarf;
				DEVELOPMENT_TEAM = 55LCTZ5354;
				EMBED_ASSET_PACKS_IN_PRODUCT_BUNDLE = "$(inherited)";
				GCC_PREPROCESSOR_DEFINITIONS = (
					"DEBUG=1",
					"$(inherited)",
				);
				GCC_WARN_ABOUT_RETURN_TYPE = YES_ERROR;
				GCC_WARN_UNINITIALIZED_AUTOS = YES_AGGRESSIVE;
				INFOPLIST_FILE = SeafAction/Info.plist;
				IPHONEOS_DEPLOYMENT_TARGET = 8.0;
				LD_RUNPATH_SEARCH_PATHS = "$(inherited) @executable_path/Frameworks @executable_path/../../Frameworks";
				MTL_ENABLE_DEBUG_INFO = YES;
				PRODUCT_BUNDLE_IDENTIFIER = com.seafile.seafilePro.SeafAction;
				PRODUCT_NAME = "$(TARGET_NAME)";
				SKIP_INSTALL = YES;
			};
			name = Debug;
		};
		57B14B771DF5325B0045112E /* Release */ = {
			isa = XCBuildConfiguration;
			baseConfigurationReference = 9AF30EE6039454E8B0967C09 /* Pods-SeafAction.release.xcconfig */;
			buildSettings = {
				ASSETCATALOG_COMPILER_APPICON_NAME = ExtActionIcon;
				ASSETCATALOG_COMPILER_LAUNCHIMAGE_NAME = LaunchImage;
				CLANG_ANALYZER_NONNULL = YES;
				CLANG_CXX_LANGUAGE_STANDARD = "gnu++0x";
				CLANG_CXX_LIBRARY = "libc++";
				CLANG_ENABLE_MODULES = YES;
				CLANG_WARN_DIRECT_OBJC_ISA_USAGE = YES_ERROR;
				CLANG_WARN_DOCUMENTATION_COMMENTS = YES;
				CLANG_WARN_OBJC_ROOT_CLASS = YES_ERROR;
				CLANG_WARN_SUSPICIOUS_MOVES = YES;
				CODE_SIGN_ENTITLEMENTS = SeafAction/SeafAction.entitlements;
				CODE_SIGN_IDENTITY = "iPhone Distribution";
				"CODE_SIGN_IDENTITY[sdk=iphoneos*]" = "iPhone Developer";
				COPY_PHASE_STRIP = NO;
				DEBUG_INFORMATION_FORMAT = "dwarf-with-dsym";
				DEVELOPMENT_TEAM = 55LCTZ5354;
				EMBED_ASSET_PACKS_IN_PRODUCT_BUNDLE = "$(inherited)";
				ENABLE_NS_ASSERTIONS = NO;
				GCC_WARN_ABOUT_RETURN_TYPE = YES_ERROR;
				GCC_WARN_UNINITIALIZED_AUTOS = YES_AGGRESSIVE;
				INFOPLIST_FILE = SeafAction/Info.plist;
				IPHONEOS_DEPLOYMENT_TARGET = 8.0;
				LD_RUNPATH_SEARCH_PATHS = "$(inherited) @executable_path/Frameworks @executable_path/../../Frameworks";
				MTL_ENABLE_DEBUG_INFO = NO;
				PRODUCT_BUNDLE_IDENTIFIER = com.seafile.seafilePro.SeafAction;
				PRODUCT_NAME = "$(TARGET_NAME)";
				SKIP_INSTALL = YES;
			};
			name = Release;
		};
		57DB829415A833FA00097CEC /* Debug */ = {
			isa = XCBuildConfiguration;
			buildSettings = {
				ALWAYS_EMBED_SWIFT_STANDARD_LIBRARIES = NO;
				ALWAYS_SEARCH_USER_PATHS = NO;
				CLANG_ANALYZER_LOCALIZABILITY_NONLOCALIZED = YES;
				CLANG_ENABLE_OBJC_ARC = YES;
				CLANG_WARN_BLOCK_CAPTURE_AUTORELEASING = YES;
				CLANG_WARN_BOOL_CONVERSION = YES;
				CLANG_WARN_COMMA = YES;
				CLANG_WARN_CONSTANT_CONVERSION = YES;
				CLANG_WARN_EMPTY_BODY = YES;
				CLANG_WARN_ENUM_CONVERSION = YES;
				CLANG_WARN_INFINITE_RECURSION = YES;
				CLANG_WARN_INT_CONVERSION = YES;
				CLANG_WARN_NON_LITERAL_NULL_CONVERSION = YES;
				CLANG_WARN_OBJC_LITERAL_CONVERSION = YES;
				CLANG_WARN_RANGE_LOOP_ANALYSIS = YES;
				CLANG_WARN_STRICT_PROTOTYPES = YES;
				CLANG_WARN_SUSPICIOUS_MOVE = YES;
				CLANG_WARN_UNREACHABLE_CODE = YES;
				CLANG_WARN__DUPLICATE_METHOD_MATCH = YES;
				CODE_SIGN_IDENTITY = "iPhone Developer: xie zheng (V5PK24Q5Y5)";
				"CODE_SIGN_IDENTITY[sdk=iphoneos*]" = "iPhone Developer: xie zheng (V5PK24Q5Y5)";
				COPY_PHASE_STRIP = NO;
				ENABLE_BITCODE = NO;
				ENABLE_STRICT_OBJC_MSGSEND = YES;
				ENABLE_TESTABILITY = YES;
				GCC_C_LANGUAGE_STANDARD = gnu99;
				GCC_DYNAMIC_NO_PIC = NO;
				GCC_NO_COMMON_BLOCKS = YES;
				GCC_OPTIMIZATION_LEVEL = 0;
				GCC_PREPROCESSOR_DEFINITIONS = (
					"DEBUG=1",
					"$(inherited)",
					"AF_APP_EXTENSIONS=1",
				);
				GCC_SYMBOLS_PRIVATE_EXTERN = NO;
				GCC_VERSION = com.apple.compilers.llvm.clang.1_0;
				GCC_WARN_64_TO_32_BIT_CONVERSION = YES;
				GCC_WARN_ABOUT_RETURN_TYPE = YES;
				GCC_WARN_UNDECLARED_SELECTOR = YES;
				GCC_WARN_UNINITIALIZED_AUTOS = YES;
				GCC_WARN_UNUSED_FUNCTION = YES;
				GCC_WARN_UNUSED_VARIABLE = YES;
				IPHONEOS_DEPLOYMENT_TARGET = 9.0;
				ONLY_ACTIVE_ARCH = YES;
				OTHER_CFLAGS = "";
				"PRIVATE_HEADERS_FOLDER_PATH[sdk=*]" = "";
				PROVISIONING_PROFILE = "";
				"PROVISIONING_PROFILE[sdk=iphoneos*]" = "";
				SDKROOT = iphoneos;
				TARGETED_DEVICE_FAMILY = "1,2";
			};
			name = Debug;
		};
		57DB829515A833FA00097CEC /* Release */ = {
			isa = XCBuildConfiguration;
			buildSettings = {
				ALWAYS_EMBED_SWIFT_STANDARD_LIBRARIES = NO;
				ALWAYS_SEARCH_USER_PATHS = NO;
				CLANG_ANALYZER_LOCALIZABILITY_NONLOCALIZED = YES;
				CLANG_ENABLE_OBJC_ARC = YES;
				CLANG_WARN_BLOCK_CAPTURE_AUTORELEASING = YES;
				CLANG_WARN_BOOL_CONVERSION = YES;
				CLANG_WARN_COMMA = YES;
				CLANG_WARN_CONSTANT_CONVERSION = YES;
				CLANG_WARN_EMPTY_BODY = YES;
				CLANG_WARN_ENUM_CONVERSION = YES;
				CLANG_WARN_INFINITE_RECURSION = YES;
				CLANG_WARN_INT_CONVERSION = YES;
				CLANG_WARN_NON_LITERAL_NULL_CONVERSION = YES;
				CLANG_WARN_OBJC_LITERAL_CONVERSION = YES;
				CLANG_WARN_RANGE_LOOP_ANALYSIS = YES;
				CLANG_WARN_STRICT_PROTOTYPES = YES;
				CLANG_WARN_SUSPICIOUS_MOVE = YES;
				CLANG_WARN_UNREACHABLE_CODE = YES;
				CLANG_WARN__DUPLICATE_METHOD_MATCH = YES;
				CODE_SIGN_IDENTITY = "iPhone Distribution: Seafile Inc. (55LCTZ5354)";
				"CODE_SIGN_IDENTITY[sdk=iphoneos*]" = "iPhone Distribution: Seafile Inc. (55LCTZ5354)";
				COPY_PHASE_STRIP = YES;
				ENABLE_BITCODE = NO;
				ENABLE_STRICT_OBJC_MSGSEND = YES;
				GCC_C_LANGUAGE_STANDARD = gnu99;
				GCC_NO_COMMON_BLOCKS = YES;
				GCC_PREPROCESSOR_DEFINITIONS = "AF_APP_EXTENSIONS=1";
				GCC_VERSION = com.apple.compilers.llvm.clang.1_0;
				GCC_WARN_64_TO_32_BIT_CONVERSION = YES;
				GCC_WARN_ABOUT_RETURN_TYPE = YES;
				GCC_WARN_UNDECLARED_SELECTOR = YES;
				GCC_WARN_UNINITIALIZED_AUTOS = YES;
				GCC_WARN_UNUSED_FUNCTION = YES;
				GCC_WARN_UNUSED_VARIABLE = YES;
				IPHONEOS_DEPLOYMENT_TARGET = 9.0;
				OTHER_CFLAGS = "-DNS_BLOCK_ASSERTIONS=1";
				PROVISIONING_PROFILE = "";
				"PROVISIONING_PROFILE[sdk=iphoneos*]" = "";
				SDKROOT = iphoneos;
				TARGETED_DEVICE_FAMILY = "1,2";
				VALIDATE_PRODUCT = YES;
			};
			name = Release;
		};
/* End XCBuildConfiguration section */

/* Begin XCConfigurationList section */
		571D8DB71677881400F1A22C /* Build configuration list for PBXNativeTarget "seafile-appstore" */ = {
			isa = XCConfigurationList;
			buildConfigurations = (
				571D8DB81677881400F1A22C /* Debug */,
				571D8DB91677881400F1A22C /* Release */,
			);
			defaultConfigurationIsVisible = 0;
			defaultConfigurationName = Release;
		};
		57A0297B1A16F8AD009C9D7B /* Build configuration list for PBXNativeTarget "SeafProviderFileProvider" */ = {
			isa = XCConfigurationList;
			buildConfigurations = (
				57A0297C1A16F8AD009C9D7B /* Debug */,
				57A0297D1A16F8AD009C9D7B /* Release */,
			);
			defaultConfigurationIsVisible = 0;
			defaultConfigurationName = Release;
		};
		57A0297E1A16F8AD009C9D7B /* Build configuration list for PBXNativeTarget "SeafProvider" */ = {
			isa = XCConfigurationList;
			buildConfigurations = (
				57A0297F1A16F8AD009C9D7B /* Debug */,
				57A029801A16F8AD009C9D7B /* Release */,
			);
			defaultConfigurationIsVisible = 0;
			defaultConfigurationName = Release;
		};
		57B14B781DF5325B0045112E /* Build configuration list for PBXNativeTarget "SeafAction" */ = {
			isa = XCConfigurationList;
			buildConfigurations = (
				57B14B761DF5325B0045112E /* Debug */,
				57B14B771DF5325B0045112E /* Release */,
			);
			defaultConfigurationIsVisible = 0;
			defaultConfigurationName = Release;
		};
		57DB826715A833F900097CEC /* Build configuration list for PBXProject "seafilePro" */ = {
			isa = XCConfigurationList;
			buildConfigurations = (
				57DB829415A833FA00097CEC /* Debug */,
				57DB829515A833FA00097CEC /* Release */,
			);
			defaultConfigurationIsVisible = 0;
			defaultConfigurationName = Release;
		};
/* End XCConfigurationList section */
	};
	rootObject = 57DB826415A833F900097CEC /* Project object */;
}
